// !$*UTF8*$!
{
	archiveVersion = 1;
	classes = {
	};
	objectVersion = 48;
	objects = {

/* Begin PBXBuildFile section */
		48B09C6320160F1700770FFE /* AppDelegate.swift in Sources */ = {isa = PBXBuildFile; fileRef = 48B09C6220160F1700770FFE /* AppDelegate.swift */; };
		48B09C6520160F1700770FFE /* ViewController.swift in Sources */ = {isa = PBXBuildFile; fileRef = 48B09C6420160F1700770FFE /* ViewController.swift */; };
		48B09C6820160F1700770FFE /* Main.storyboard in Resources */ = {isa = PBXBuildFile; fileRef = 48B09C6620160F1700770FFE /* Main.storyboard */; };
		48B09C6A20160F1700770FFE /* Assets.xcassets in Resources */ = {isa = PBXBuildFile; fileRef = 48B09C6920160F1700770FFE /* Assets.xcassets */; };
		48B09C6D20160F1700770FFE /* LaunchScreen.storyboard in Resources */ = {isa = PBXBuildFile; fileRef = 48B09C6B20160F1700770FFE /* LaunchScreen.storyboard */; };
		48B09C7820160F1700770FFE /* timerTests.swift in Sources */ = {isa = PBXBuildFile; fileRef = 48B09C7720160F1700770FFE /* timerTests.swift */; };
		48B09C8320160F1700770FFE /* timerUITests.swift in Sources */ = {isa = PBXBuildFile; fileRef = 48B09C8220160F1700770FFE /* timerUITests.swift */; };
/* End PBXBuildFile section */

/* Begin PBXContainerItemProxy section */
		48B09C7420160F1700770FFE /* PBXContainerItemProxy */ = {
			isa = PBXContainerItemProxy;
			containerPortal = 48B09C5720160F1700770FFE /* Project object */;
			proxyType = 1;
			remoteGlobalIDString = 48B09C5E20160F1700770FFE;
			remoteInfo = timer;
		};
		48B09C7F20160F1700770FFE /* PBXContainerItemProxy */ = {
			isa = PBXContainerItemProxy;
			containerPortal = 48B09C5720160F1700770FFE /* Project object */;
			proxyType = 1;
			remoteGlobalIDString = 48B09C5E20160F1700770FFE;
			remoteInfo = timer;
		};
/* End PBXContainerItemProxy section */

/* Begin PBXFileReference section */
		48B09C5F20160F1700770FFE /* timer.app */ = {isa = PBXFileReference; explicitFileType = wrapper.application; includeInIndex = 0; path = timer.app; sourceTree = BUILT_PRODUCTS_DIR; };
		48B09C6220160F1700770FFE /* AppDelegate.swift */ = {isa = PBXFileReference; lastKnownFileType = sourcecode.swift; path = AppDelegate.swift; sourceTree = "<group>"; };
		48B09C6420160F1700770FFE /* ViewController.swift */ = {isa = PBXFileReference; lastKnownFileType = sourcecode.swift; path = ViewController.swift; sourceTree = "<group>"; };
		48B09C6720160F1700770FFE /* Base */ = {isa = PBXFileReference; lastKnownFileType = file.storyboard; name = Base; path = Base.lproj/Main.storyboard; sourceTree = "<group>"; };
		48B09C6920160F1700770FFE /* Assets.xcassets */ = {isa = PBXFileReference; lastKnownFileType = folder.assetcatalog; path = Assets.xcassets; sourceTree = "<group>"; };
		48B09C6C20160F1700770FFE /* Base */ = {isa = PBXFileReference; lastKnownFileType = file.storyboard; name = Base; path = Base.lproj/LaunchScreen.storyboard; sourceTree = "<group>"; };
		48B09C6E20160F1700770FFE /* Info.plist */ = {isa = PBXFileReference; lastKnownFileType = text.plist.xml; path = Info.plist; sourceTree = "<group>"; };
		48B09C7320160F1700770FFE /* timerTests.xctest */ = {isa = PBXFileReference; explicitFileType = wrapper.cfbundle; includeInIndex = 0; path = timerTests.xctest; sourceTree = BUILT_PRODUCTS_DIR; };
		48B09C7720160F1700770FFE /* timerTests.swift */ = {isa = PBXFileReference; lastKnownFileType = sourcecode.swift; path = timerTests.swift; sourceTree = "<group>"; };
		48B09C7920160F1700770FFE /* Info.plist */ = {isa = PBXFileReference; lastKnownFileType = text.plist.xml; path = Info.plist; sourceTree = "<group>"; };
		48B09C7E20160F1700770FFE /* timerUITests.xctest */ = {isa = PBXFileReference; explicitFileType = wrapper.cfbundle; includeInIndex = 0; path = timerUITests.xctest; sourceTree = BUILT_PRODUCTS_DIR; };
		48B09C8220160F1700770FFE /* timerUITests.swift */ = {isa = PBXFileReference; lastKnownFileType = sourcecode.swift; path = timerUITests.swift; sourceTree = "<group>"; };
		48B09C8420160F1700770FFE /* Info.plist */ = {isa = PBXFileReference; lastKnownFileType = text.plist.xml; path = Info.plist; sourceTree = "<group>"; };
/* End PBXFileReference section */

/* Begin PBXFrameworksBuildPhase section */
		48B09C5C20160F1700770FFE /* Frameworks */ = {
			isa = PBXFrameworksBuildPhase;
			buildActionMask = 2147483647;
			files = (
			);
			runOnlyForDeploymentPostprocessing = 0;
		};
		48B09C7020160F1700770FFE /* Frameworks */ = {
			isa = PBXFrameworksBuildPhase;
			buildActionMask = 2147483647;
			files = (
			);
			runOnlyForDeploymentPostprocessing = 0;
		};
		48B09C7B20160F1700770FFE /* Frameworks */ = {
			isa = PBXFrameworksBuildPhase;
			buildActionMask = 2147483647;
			files = (
			);
			runOnlyForDeploymentPostprocessing = 0;
		};
/* End PBXFrameworksBuildPhase section */

/* Begin PBXGroup section */
		48B09C5620160F1700770FFE = {
			isa = PBXGroup;
			children = (
				48B09C6120160F1700770FFE /* timer */,
				48B09C7620160F1700770FFE /* timerTests */,
				48B09C8120160F1700770FFE /* timerUITests */,
				48B09C6020160F1700770FFE /* Products */,
			);
			sourceTree = "<group>";
		};
		48B09C6020160F1700770FFE /* Products */ = {
			isa = PBXGroup;
			children = (
				48B09C5F20160F1700770FFE /* timer.app */,
				48B09C7320160F1700770FFE /* timerTests.xctest */,
				48B09C7E20160F1700770FFE /* timerUITests.xctest */,
			);
			name = Products;
			sourceTree = "<group>";
		};
		48B09C6120160F1700770FFE /* timer */ = {
			isa = PBXGroup;
			children = (
				48B09C6220160F1700770FFE /* AppDelegate.swift */,
				48B09C6420160F1700770FFE /* ViewController.swift */,
				48B09C6620160F1700770FFE /* Main.storyboard */,
				48B09C6920160F1700770FFE /* Assets.xcassets */,
				48B09C6B20160F1700770FFE /* LaunchScreen.storyboard */,
				48B09C6E20160F1700770FFE /* Info.plist */,
			);
			path = timer;
			sourceTree = "<group>";
		};
		48B09C7620160F1700770FFE /* timerTests */ = {
			isa = PBXGroup;
			children = (
				48B09C7720160F1700770FFE /* timerTests.swift */,
				48B09C7920160F1700770FFE /* Info.plist */,
			);
			path = timerTests;
			sourceTree = "<group>";
		};
		48B09C8120160F1700770FFE /* timerUITests */ = {
			isa = PBXGroup;
			children = (
				48B09C8220160F1700770FFE /* timerUITests.swift */,
				48B09C8420160F1700770FFE /* Info.plist */,
			);
			path = timerUITests;
			sourceTree = "<group>";
		};
/* End PBXGroup section */

/* Begin PBXNativeTarget section */
		48B09C5E20160F1700770FFE /* timer */ = {
			isa = PBXNativeTarget;
			buildConfigurationList = 48B09C8720160F1700770FFE /* Build configuration list for PBXNativeTarget "timer" */;
			buildPhases = (
				48B09C5B20160F1700770FFE /* Sources */,
				48B09C5C20160F1700770FFE /* Frameworks */,
				48B09C5D20160F1700770FFE /* Resources */,
			);
			buildRules = (
			);
			dependencies = (
			);
			name = timer;
			productName = timer;
			productReference = 48B09C5F20160F1700770FFE /* timer.app */;
			productType = "com.apple.product-type.application";
		};
		48B09C7220160F1700770FFE /* timerTests */ = {
			isa = PBXNativeTarget;
			buildConfigurationList = 48B09C8A20160F1700770FFE /* Build configuration list for PBXNativeTarget "timerTests" */;
			buildPhases = (
				48B09C6F20160F1700770FFE /* Sources */,
				48B09C7020160F1700770FFE /* Frameworks */,
				48B09C7120160F1700770FFE /* Resources */,
			);
			buildRules = (
			);
			dependencies = (
				48B09C7520160F1700770FFE /* PBXTargetDependency */,
			);
			name = timerTests;
			productName = timerTests;
			productReference = 48B09C7320160F1700770FFE /* timerTests.xctest */;
			productType = "com.apple.product-type.bundle.unit-test";
		};
		48B09C7D20160F1700770FFE /* timerUITests */ = {
			isa = PBXNativeTarget;
			buildConfigurationList = 48B09C8D20160F1700770FFE /* Build configuration list for PBXNativeTarget "timerUITests" */;
			buildPhases = (
				48B09C7A20160F1700770FFE /* Sources */,
				48B09C7B20160F1700770FFE /* Frameworks */,
				48B09C7C20160F1700770FFE /* Resources */,
			);
			buildRules = (
			);
			dependencies = (
				48B09C8020160F1700770FFE /* PBXTargetDependency */,
			);
			name = timerUITests;
			productName = timerUITests;
			productReference = 48B09C7E20160F1700770FFE /* timerUITests.xctest */;
			productType = "com.apple.product-type.bundle.ui-testing";
		};
/* End PBXNativeTarget section */

/* Begin PBXProject section */
		48B09C5720160F1700770FFE /* Project object */ = {
			isa = PBXProject;
			attributes = {
				LastSwiftUpdateCheck = 0920;
				LastUpgradeCheck = 0920;
				ORGANIZATIONNAME = apple;
				TargetAttributes = {
					48B09C5E20160F1700770FFE = {
						CreatedOnToolsVersion = 9.2;
						ProvisioningStyle = Automatic;
					};
					48B09C7220160F1700770FFE = {
						CreatedOnToolsVersion = 9.2;
						ProvisioningStyle = Automatic;
						TestTargetID = 48B09C5E20160F1700770FFE;
					};
					48B09C7D20160F1700770FFE = {
						CreatedOnToolsVersion = 9.2;
						ProvisioningStyle = Automatic;
						TestTargetID = 48B09C5E20160F1700770FFE;
					};
				};
			};
			buildConfigurationList = 48B09C5A20160F1700770FFE /* Build configuration list for PBXProject "timer" */;
			compatibilityVersion = "Xcode 8.0";
			developmentRegion = en;
			hasScannedForEncodings = 0;
			knownRegions = (
				en,
				Base,
			);
			mainGroup = 48B09C5620160F1700770FFE;
			productRefGroup = 48B09C6020160F1700770FFE /* Products */;
			projectDirPath = "";
			projectRoot = "";
			targets = (
				48B09C5E20160F1700770FFE /* timer */,
				48B09C7220160F1700770FFE /* timerTests */,
				48B09C7D20160F1700770FFE /* timerUITests */,
			);
		};
/* End PBXProject section */

/* Begin PBXResourcesBuildPhase section */
		48B09C5D20160F1700770FFE /* Resources */ = {
			isa = PBXResourcesBuildPhase;
			buildActionMask = 2147483647;
			files = (
				48B09C6D20160F1700770FFE /* LaunchScreen.storyboard in Resources */,
				48B09C6A20160F1700770FFE /* Assets.xcassets in Resources */,
				48B09C6820160F1700770FFE /* Main.storyboard in Resources */,
			);
			runOnlyForDeploymentPostprocessing = 0;
		};
		48B09C7120160F1700770FFE /* Resources */ = {
			isa = PBXResourcesBuildPhase;
			buildActionMask = 2147483647;
			files = (
			);
			runOnlyForDeploymentPostprocessing = 0;
		};
		48B09C7C20160F1700770FFE /* Resources */ = {
			isa = PBXResourcesBuildPhase;
			buildActionMask = 2147483647;
			files = (
			);
			runOnlyForDeploymentPostprocessing = 0;
		};
/* End PBXResourcesBuildPhase section */

/* Begin PBXSourcesBuildPhase section */
		48B09C5B20160F1700770FFE /* Sources */ = {
			isa = PBXSourcesBuildPhase;
			buildActionMask = 2147483647;
			files = (
				48B09C6520160F1700770FFE /* ViewController.swift in Sources */,
				48B09C6320160F1700770FFE /* AppDelegate.swift in Sources */,
			);
			runOnlyForDeploymentPostprocessing = 0;
		};
		48B09C6F20160F1700770FFE /* Sources */ = {
			isa = PBXSourcesBuildPhase;
			buildActionMask = 2147483647;
			files = (
				48B09C7820160F1700770FFE /* timerTests.swift in Sources */,
			);
			runOnlyForDeploymentPostprocessing = 0;
		};
		48B09C7A20160F1700770FFE /* Sources */ = {
			isa = PBXSourcesBuildPhase;
			buildActionMask = 2147483647;
			files = (
				48B09C8320160F1700770FFE /* timerUITests.swift in Sources */,
			);
			runOnlyForDeploymentPostprocessing = 0;
		};
/* End PBXSourcesBuildPhase section */

/* Begin PBXTargetDependency section */
		48B09C7520160F1700770FFE /* PBXTargetDependency */ = {
			isa = PBXTargetDependency;
			target = 48B09C5E20160F1700770FFE /* timer */;
			targetProxy = 48B09C7420160F1700770FFE /* PBXContainerItemProxy */;
		};
		48B09C8020160F1700770FFE /* PBXTargetDependency */ = {
			isa = PBXTargetDependency;
			target = 48B09C5E20160F1700770FFE /* timer */;
			targetProxy = 48B09C7F20160F1700770FFE /* PBXContainerItemProxy */;
		};
/* End PBXTargetDependency section */

/* Begin PBXVariantGroup section */
		48B09C6620160F1700770FFE /* Main.storyboard */ = {
			isa = PBXVariantGroup;
			children = (
				48B09C6720160F1700770FFE /* Base */,
			);
			name = Main.storyboard;
			sourceTree = "<group>";
		};
		48B09C6B20160F1700770FFE /* LaunchScreen.storyboard */ = {
			isa = PBXVariantGroup;
			children = (
				48B09C6C20160F1700770FFE /* Base */,
			);
			name = LaunchScreen.storyboard;
			sourceTree = "<group>";
		};
/* End PBXVariantGroup section */

/* Begin XCBuildConfiguration section */
		48B09C8520160F1700770FFE /* Debug */ = {
			isa = XCBuildConfiguration;
			buildSettings = {
				ALWAYS_SEARCH_USER_PATHS = NO;
				CLANG_ANALYZER_NONNULL = YES;
				CLANG_ANALYZER_NUMBER_OBJECT_CONVERSION = YES_AGGRESSIVE;
				CLANG_CXX_LANGUAGE_STANDARD = "gnu++14";
				CLANG_CXX_LIBRARY = "libc++";
				CLANG_ENABLE_MODULES = YES;
				CLANG_ENABLE_OBJC_ARC = YES;
				CLANG_WARN_BLOCK_CAPTURE_AUTORELEASING = YES;
				CLANG_WARN_BOOL_CONVERSION = YES;
				CLANG_WARN_COMMA = YES;
				CLANG_WARN_CONSTANT_CONVERSION = YES;
				CLANG_WARN_DIRECT_OBJC_ISA_USAGE = YES_ERROR;
				CLANG_WARN_DOCUMENTATION_COMMENTS = YES;
				CLANG_WARN_EMPTY_BODY = YES;
				CLANG_WARN_ENUM_CONVERSION = YES;
				CLANG_WARN_INFINITE_RECURSION = YES;
				CLANG_WARN_INT_CONVERSION = YES;
				CLANG_WARN_NON_LITERAL_NULL_CONVERSION = YES;
				CLANG_WARN_OBJC_LITERAL_CONVERSION = YES;
				CLANG_WARN_OBJC_ROOT_CLASS = YES_ERROR;
				CLANG_WARN_RANGE_LOOP_ANALYSIS = YES;
				CLANG_WARN_STRICT_PROTOTYPES = YES;
				CLANG_WARN_SUSPICIOUS_MOVE = YES;
				CLANG_WARN_UNGUARDED_AVAILABILITY = YES_AGGRESSIVE;
				CLANG_WARN_UNREACHABLE_CODE = YES;
				CLANG_WARN__DUPLICATE_METHOD_MATCH = YES;
				CODE_SIGN_IDENTITY = "iPhone Developer";
				COPY_PHASE_STRIP = NO;
				DEBUG_INFORMATION_FORMAT = dwarf;
				ENABLE_STRICT_OBJC_MSGSEND = YES;
				ENABLE_TESTABILITY = YES;
				GCC_C_LANGUAGE_STANDARD = gnu11;
				GCC_DYNAMIC_NO_PIC = NO;
				GCC_NO_COMMON_BLOCKS = YES;
				GCC_OPTIMIZATION_LEVEL = 0;
				GCC_PREPROCESSOR_DEFINITIONS = (
					"DEBUG=1",
					"$(inherited)",
				);
				GCC_WARN_64_TO_32_BIT_CONVERSION = YES;
				GCC_WARN_ABOUT_RETURN_TYPE = YES_ERROR;
				GCC_WARN_UNDECLARED_SELECTOR = YES;
				GCC_WARN_UNINITIALIZED_AUTOS = YES_AGGRESSIVE;
				GCC_WARN_UNUSED_FUNCTION = YES;
				GCC_WARN_UNUSED_VARIABLE = YES;
				IPHONEOS_DEPLOYMENT_TARGET = 11.2;
				MTL_ENABLE_DEBUG_INFO = YES;
				ONLY_ACTIVE_ARCH = YES;
				SDKROOT = iphoneos;
				SWIFT_ACTIVE_COMPILATION_CONDITIONS = DEBUG;
				SWIFT_OPTIMIZATION_LEVEL = "-Onone";
			};
			name = Debug;
		};
		48B09C8620160F1700770FFE /* Release */ = {
			isa = XCBuildConfiguration;
			buildSettings = {
				ALWAYS_SEARCH_USER_PATHS = NO;
				CLANG_ANALYZER_NONNULL = YES;
				CLANG_ANALYZER_NUMBER_OBJECT_CONVERSION = YES_AGGRESSIVE;
				CLANG_CXX_LANGUAGE_STANDARD = "gnu++14";
				CLANG_CXX_LIBRARY = "libc++";
				CLANG_ENABLE_MODULES = YES;
				CLANG_ENABLE_OBJC_ARC = YES;
				CLANG_WARN_BLOCK_CAPTURE_AUTORELEASING = YES;
				CLANG_WARN_BOOL_CONVERSION = YES;
				CLANG_WARN_COMMA = YES;
				CLANG_WARN_CONSTANT_CONVERSION = YES;
				CLANG_WARN_DIRECT_OBJC_ISA_USAGE = YES_ERROR;
				CLANG_WARN_DOCUMENTATION_COMMENTS = YES;
				CLANG_WARN_EMPTY_BODY = YES;
				CLANG_WARN_ENUM_CONVERSION = YES;
				CLANG_WARN_INFINITE_RECURSION = YES;
				CLANG_WARN_INT_CONVERSION = YES;
				CLANG_WARN_NON_LITERAL_NULL_CONVERSION = YES;
				CLANG_WARN_OBJC_LITERAL_CONVERSION = YES;
				CLANG_WARN_OBJC_ROOT_CLASS = YES_ERROR;
				CLANG_WARN_RANGE_LOOP_ANALYSIS = YES;
				CLANG_WARN_STRICT_PROTOTYPES = YES;
				CLANG_WARN_SUSPICIOUS_MOVE = YES;
				CLANG_WARN_UNGUARDED_AVAILABILITY = YES_AGGRESSIVE;
				CLANG_WARN_UNREACHABLE_CODE = YES;
				CLANG_WARN__DUPLICATE_METHOD_MATCH = YES;
				CODE_SIGN_IDENTITY = "iPhone Developer";
				COPY_PHASE_STRIP = NO;
				DEBUG_INFORMATION_FORMAT = "dwarf-with-dsym";
				ENABLE_NS_ASSERTIONS = NO;
				ENABLE_STRICT_OBJC_MSGSEND = YES;
				GCC_C_LANGUAGE_STANDARD = gnu11;
				GCC_NO_COMMON_BLOCKS = YES;
				GCC_WARN_64_TO_32_BIT_CONVERSION = YES;
				GCC_WARN_ABOUT_RETURN_TYPE = YES_ERROR;
				GCC_WARN_UNDECLARED_SELECTOR = YES;
				GCC_WARN_UNINITIALIZED_AUTOS = YES_AGGRESSIVE;
				GCC_WARN_UNUSED_FUNCTION = YES;
				GCC_WARN_UNUSED_VARIABLE = YES;
				IPHONEOS_DEPLOYMENT_TARGET = 11.2;
				MTL_ENABLE_DEBUG_INFO = NO;
				SDKROOT = iphoneos;
				SWIFT_OPTIMIZATION_LEVEL = "-Owholemodule";
				VALIDATE_PRODUCT = YES;
			};
			name = Release;
		};
		48B09C8820160F1700770FFE /* Debug */ = {
			isa = XCBuildConfiguration;
			buildSettings = {
				ASSETCATALOG_COMPILER_APPICON_NAME = AppIcon;
				CODE_SIGN_STYLE = Automatic;
				DEVELOPMENT_TEAM = GCCHGD89G4;
				INFOPLIST_FILE = timer/Info.plist;
				LD_RUNPATH_SEARCH_PATHS = "$(inherited) @executable_path/Frameworks";
				PRODUCT_BUNDLE_IDENTIFIER = com.hedspi.k60c.timer;
				PRODUCT_NAME = "$(TARGET_NAME)";
				SWIFT_VERSION = 4.0;
				TARGETED_DEVICE_FAMILY = "1,2";
			};
			name = Debug;
		};
		48B09C8920160F1700770FFE /* Release */ = {
			isa = XCBuildConfiguration;
			buildSettings = {
				ASSETCATALOG_COMPILER_APPICON_NAME = AppIcon;
				CODE_SIGN_STYLE = Automatic;
				DEVELOPMENT_TEAM = GCCHGD89G4;
				INFOPLIST_FILE = timer/Info.plist;
				LD_RUNPATH_SEARCH_PATHS = "$(inherited) @executable_path/Frameworks";
				PRODUCT_BUNDLE_IDENTIFIER = com.hedspi.k60c.timer;
				PRODUCT_NAME = "$(TARGET_NAME)";
				SWIFT_VERSION = 4.0;
				TARGETED_DEVICE_FAMILY = "1,2";
			};
			name = Release;
		};
		48B09C8B20160F1700770FFE /* Debug */ = {
			isa = XCBuildConfiguration;
			buildSettings = {
				ALWAYS_EMBED_SWIFT_STANDARD_LIBRARIES = YES;
				BUNDLE_LOADER = "$(TEST_HOST)";
				CODE_SIGN_STYLE = Automatic;
				DEVELOPMENT_TEAM = GCCHGD89G4;
				INFOPLIST_FILE = timerTests/Info.plist;
				LD_RUNPATH_SEARCH_PATHS = "$(inherited) @executable_path/Frameworks @loader_path/Frameworks";
				PRODUCT_BUNDLE_IDENTIFIER = com.hedspi.k60c.timerTests;
				PRODUCT_NAME = "$(TARGET_NAME)";
				SWIFT_VERSION = 4.0;
				TARGETED_DEVICE_FAMILY = "1,2";
				TEST_HOST = "$(BUILT_PRODUCTS_DIR)/timer.app/timer";
			};
			name = Debug;
		};
		48B09C8C20160F1700770FFE /* Release */ = {
			isa = XCBuildConfiguration;
			buildSettings = {
				ALWAYS_EMBED_SWIFT_STANDARD_LIBRARIES = YES;
				BUNDLE_LOADER = "$(TEST_HOST)";
				CODE_SIGN_STYLE = Automatic;
				DEVELOPMENT_TEAM = GCCHGD89G4;
				INFOPLIST_FILE = timerTests/Info.plist;
				LD_RUNPATH_SEARCH_PATHS = "$(inherited) @executable_path/Frameworks @loader_path/Frameworks";
				PRODUCT_BUNDLE_IDENTIFIER = com.hedspi.k60c.timerTests;
				PRODUCT_NAME = "$(TARGET_NAME)";
				SWIFT_VERSION = 4.0;
				TARGETED_DEVICE_FAMILY = "1,2";
				TEST_HOST = "$(BUILT_PRODUCTS_DIR)/timer.app/timer";
			};
			name = Release;
		};
		48B09C8E20160F1700770FFE /* Debug */ = {
			isa = XCBuildConfiguration;
			buildSettings = {
				ALWAYS_EMBED_SWIFT_STANDARD_LIBRARIES = YES;
				CODE_SIGN_STYLE = Automatic;
				DEVELOPMENT_TEAM = GCCHGD89G4;
				INFOPLIST_FILE = timerUITests/Info.plist;
				LD_RUNPATH_SEARCH_PATHS = "$(inherited) @executable_path/Frameworks @loader_path/Frameworks";
				PRODUCT_BUNDLE_IDENTIFIER = com.hedspi.k60c.timerUITests;
				PRODUCT_NAME = "$(TARGET_NAME)";
				SWIFT_VERSION = 4.0;
				TARGETED_DEVICE_FAMILY = "1,2";
				TEST_TARGET_NAME = timer;
			};
			name = Debug;
		};
		48B09C8F20160F1700770FFE /* Release */ = {
			isa = XCBuildConfiguration;
			buildSettings = {
				ALWAYS_EMBED_SWIFT_STANDARD_LIBRARIES = YES;
				CODE_SIGN_STYLE = Automatic;
				DEVELOPMENT_TEAM = GCCHGD89G4;
				INFOPLIST_FILE = timerUITests/Info.plist;
				LD_RUNPATH_SEARCH_PATHS = "$(inherited) @executable_path/Frameworks @loader_path/Frameworks";
				PRODUCT_BUNDLE_IDENTIFIER = com.hedspi.k60c.timerUITests;
				PRODUCT_NAME = "$(TARGET_NAME)";
				SWIFT_VERSION = 4.0;
				TARGETED_DEVICE_FAMILY = "1,2";
				TEST_TARGET_NAME = timer;
			};
			name = Release;
		};
/* End XCBuildConfiguration section */

/* Begin XCConfigurationList section */
		48B09C5A20160F1700770FFE /* Build configuration list for PBXProject "timer" */ = {
			isa = XCConfigurationList;
			buildConfigurations = (
				48B09C8520160F1700770FFE /* Debug */,
				48B09C8620160F1700770FFE /* Release */,
			);
			defaultConfigurationIsVisible = 0;
			defaultConfigurationName = Release;
		};
		48B09C8720160F1700770FFE /* Build configuration list for PBXNativeTarget "timer" */ = {
			isa = XCConfigurationList;
			buildConfigurations = (
				48B09C8820160F1700770FFE /* Debug */,
				48B09C8920160F1700770FFE /* Release */,
			);
			defaultConfigurationIsVisible = 0;
			defaultConfigurationName = Release;
		};
		48B09C8A20160F1700770FFE /* Build configuration list for PBXNativeTarget "timerTests" */ = {
			isa = XCConfigurationList;
			buildConfigurations = (
				48B09C8B20160F1700770FFE /* Debug */,
				48B09C8C20160F1700770FFE /* Release */,
			);
			defaultConfigurationIsVisible = 0;
			defaultConfigurationName = Release;
		};
		48B09C8D20160F1700770FFE /* Build configuration list for PBXNativeTarget "timerUITests" */ = {
			isa = XCConfigurationList;
			buildConfigurations = (
				48B09C8E20160F1700770FFE /* Debug */,
				48B09C8F20160F1700770FFE /* Release */,
			);
			defaultConfigurationIsVisible = 0;
			defaultConfigurationName = Release;
		};
/* End XCConfigurationList section */
	};
	rootObject = 48B09C5720160F1700770FFE /* Project object */;
}
