// !$*UTF8*$!
{
	archiveVersion = 1;
	classes = {
	};
	objectVersion = 48;
	objects = {

/* Begin PBXBuildFile section */
		4800FEE12020C932001D05D5 /* AppDelegate.swift in Sources */ = {isa = PBXBuildFile; fileRef = 4800FEE02020C932001D05D5 /* AppDelegate.swift */; };
		4800FEE32020C932001D05D5 /* manHinh1.swift in Sources */ = {isa = PBXBuildFile; fileRef = 4800FEE22020C932001D05D5 /* manHinh1.swift */; };
		4800FEE62020C932001D05D5 /* Main.storyboard in Resources */ = {isa = PBXBuildFile; fileRef = 4800FEE42020C932001D05D5 /* Main.storyboard */; };
		4800FEE82020C932001D05D5 /* Assets.xcassets in Resources */ = {isa = PBXBuildFile; fileRef = 4800FEE72020C932001D05D5 /* Assets.xcassets */; };
		4800FEEB2020C932001D05D5 /* LaunchScreen.storyboard in Resources */ = {isa = PBXBuildFile; fileRef = 4800FEE92020C932001D05D5 /* LaunchScreen.storyboard */; };
		4800FEF62020C932001D05D5 /* classQuanTriManHinhTests.swift in Sources */ = {isa = PBXBuildFile; fileRef = 4800FEF52020C932001D05D5 /* classQuanTriManHinhTests.swift */; };
		4800FF012020C932001D05D5 /* classQuanTriManHinhUITests.swift in Sources */ = {isa = PBXBuildFile; fileRef = 4800FF002020C932001D05D5 /* classQuanTriManHinhUITests.swift */; };
		4800FF0F2020C955001D05D5 /* manHinh2.swift in Sources */ = {isa = PBXBuildFile; fileRef = 4800FF0E2020C955001D05D5 /* manHinh2.swift */; };
/* End PBXBuildFile section */

/* Begin PBXContainerItemProxy section */
		4800FEF22020C932001D05D5 /* PBXContainerItemProxy */ = {
			isa = PBXContainerItemProxy;
			containerPortal = 4800FED52020C932001D05D5 /* Project object */;
			proxyType = 1;
			remoteGlobalIDString = 4800FEDC2020C932001D05D5;
			remoteInfo = classQuanTriManHinh;
		};
		4800FEFD2020C932001D05D5 /* PBXContainerItemProxy */ = {
			isa = PBXContainerItemProxy;
			containerPortal = 4800FED52020C932001D05D5 /* Project object */;
			proxyType = 1;
			remoteGlobalIDString = 4800FEDC2020C932001D05D5;
			remoteInfo = classQuanTriManHinh;
		};
/* End PBXContainerItemProxy section */

/* Begin PBXFileReference section */
		4800FEDD2020C932001D05D5 /* classQuanTriManHinh.app */ = {isa = PBXFileReference; explicitFileType = wrapper.application; includeInIndex = 0; path = classQuanTriManHinh.app; sourceTree = BUILT_PRODUCTS_DIR; };
		4800FEE02020C932001D05D5 /* AppDelegate.swift */ = {isa = PBXFileReference; lastKnownFileType = sourcecode.swift; path = AppDelegate.swift; sourceTree = "<group>"; };
		4800FEE22020C932001D05D5 /* manHinh1.swift */ = {isa = PBXFileReference; lastKnownFileType = sourcecode.swift; path = manHinh1.swift; sourceTree = "<group>"; };
		4800FEE52020C932001D05D5 /* Base */ = {isa = PBXFileReference; lastKnownFileType = file.storyboard; name = Base; path = Base.lproj/Main.storyboard; sourceTree = "<group>"; };
		4800FEE72020C932001D05D5 /* Assets.xcassets */ = {isa = PBXFileReference; lastKnownFileType = folder.assetcatalog; path = Assets.xcassets; sourceTree = "<group>"; };
		4800FEEA2020C932001D05D5 /* Base */ = {isa = PBXFileReference; lastKnownFileType = file.storyboard; name = Base; path = Base.lproj/LaunchScreen.storyboard; sourceTree = "<group>"; };
		4800FEEC2020C932001D05D5 /* Info.plist */ = {isa = PBXFileReference; lastKnownFileType = text.plist.xml; path = Info.plist; sourceTree = "<group>"; };
		4800FEF12020C932001D05D5 /* classQuanTriManHinhTests.xctest */ = {isa = PBXFileReference; explicitFileType = wrapper.cfbundle; includeInIndex = 0; path = classQuanTriManHinhTests.xctest; sourceTree = BUILT_PRODUCTS_DIR; };
		4800FEF52020C932001D05D5 /* classQuanTriManHinhTests.swift */ = {isa = PBXFileReference; lastKnownFileType = sourcecode.swift; path = classQuanTriManHinhTests.swift; sourceTree = "<group>"; };
		4800FEF72020C932001D05D5 /* Info.plist */ = {isa = PBXFileReference; lastKnownFileType = text.plist.xml; path = Info.plist; sourceTree = "<group>"; };
		4800FEFC2020C932001D05D5 /* classQuanTriManHinhUITests.xctest */ = {isa = PBXFileReference; explicitFileType = wrapper.cfbundle; includeInIndex = 0; path = classQuanTriManHinhUITests.xctest; sourceTree = BUILT_PRODUCTS_DIR; };
		4800FF002020C932001D05D5 /* classQuanTriManHinhUITests.swift */ = {isa = PBXFileReference; lastKnownFileType = sourcecode.swift; path = classQuanTriManHinhUITests.swift; sourceTree = "<group>"; };
		4800FF022020C932001D05D5 /* Info.plist */ = {isa = PBXFileReference; lastKnownFileType = text.plist.xml; path = Info.plist; sourceTree = "<group>"; };
		4800FF0E2020C955001D05D5 /* manHinh2.swift */ = {isa = PBXFileReference; lastKnownFileType = sourcecode.swift; path = manHinh2.swift; sourceTree = "<group>"; };
/* End PBXFileReference section */

/* Begin PBXFrameworksBuildPhase section */
		4800FEDA2020C932001D05D5 /* Frameworks */ = {
			isa = PBXFrameworksBuildPhase;
			buildActionMask = 2147483647;
			files = (
			);
			runOnlyForDeploymentPostprocessing = 0;
		};
		4800FEEE2020C932001D05D5 /* Frameworks */ = {
			isa = PBXFrameworksBuildPhase;
			buildActionMask = 2147483647;
			files = (
			);
			runOnlyForDeploymentPostprocessing = 0;
		};
		4800FEF92020C932001D05D5 /* Frameworks */ = {
			isa = PBXFrameworksBuildPhase;
			buildActionMask = 2147483647;
			files = (
			);
			runOnlyForDeploymentPostprocessing = 0;
		};
/* End PBXFrameworksBuildPhase section */

/* Begin PBXGroup section */
		4800FED42020C932001D05D5 = {
			isa = PBXGroup;
			children = (
				4800FEDF2020C932001D05D5 /* classQuanTriManHinh */,
				4800FEF42020C932001D05D5 /* classQuanTriManHinhTests */,
				4800FEFF2020C932001D05D5 /* classQuanTriManHinhUITests */,
				4800FEDE2020C932001D05D5 /* Products */,
			);
			sourceTree = "<group>";
		};
		4800FEDE2020C932001D05D5 /* Products */ = {
			isa = PBXGroup;
			children = (
				4800FEDD2020C932001D05D5 /* classQuanTriManHinh.app */,
				4800FEF12020C932001D05D5 /* classQuanTriManHinhTests.xctest */,
				4800FEFC2020C932001D05D5 /* classQuanTriManHinhUITests.xctest */,
			);
			name = Products;
			sourceTree = "<group>";
		};
		4800FEDF2020C932001D05D5 /* classQuanTriManHinh */ = {
			isa = PBXGroup;
			children = (
				4800FEE02020C932001D05D5 /* AppDelegate.swift */,
				4800FEE22020C932001D05D5 /* manHinh1.swift */,
				4800FEE42020C932001D05D5 /* Main.storyboard */,
				4800FEE72020C932001D05D5 /* Assets.xcassets */,
				4800FEE92020C932001D05D5 /* LaunchScreen.storyboard */,
				4800FEEC2020C932001D05D5 /* Info.plist */,
				4800FF0E2020C955001D05D5 /* manHinh2.swift */,
			);
			path = classQuanTriManHinh;
			sourceTree = "<group>";
		};
		4800FEF42020C932001D05D5 /* classQuanTriManHinhTests */ = {
			isa = PBXGroup;
			children = (
				4800FEF52020C932001D05D5 /* classQuanTriManHinhTests.swift */,
				4800FEF72020C932001D05D5 /* Info.plist */,
			);
			path = classQuanTriManHinhTests;
			sourceTree = "<group>";
		};
		4800FEFF2020C932001D05D5 /* classQuanTriManHinhUITests */ = {
			isa = PBXGroup;
			children = (
				4800FF002020C932001D05D5 /* classQuanTriManHinhUITests.swift */,
				4800FF022020C932001D05D5 /* Info.plist */,
			);
			path = classQuanTriManHinhUITests;
			sourceTree = "<group>";
		};
/* End PBXGroup section */

/* Begin PBXNativeTarget section */
		4800FEDC2020C932001D05D5 /* classQuanTriManHinh */ = {
			isa = PBXNativeTarget;
			buildConfigurationList = 4800FF052020C932001D05D5 /* Build configuration list for PBXNativeTarget "classQuanTriManHinh" */;
			buildPhases = (
				4800FED92020C932001D05D5 /* Sources */,
				4800FEDA2020C932001D05D5 /* Frameworks */,
				4800FEDB2020C932001D05D5 /* Resources */,
			);
			buildRules = (
			);
			dependencies = (
			);
			name = classQuanTriManHinh;
			productName = classQuanTriManHinh;
			productReference = 4800FEDD2020C932001D05D5 /* classQuanTriManHinh.app */;
			productType = "com.apple.product-type.application";
		};
		4800FEF02020C932001D05D5 /* classQuanTriManHinhTests */ = {
			isa = PBXNativeTarget;
			buildConfigurationList = 4800FF082020C932001D05D5 /* Build configuration list for PBXNativeTarget "classQuanTriManHinhTests" */;
			buildPhases = (
				4800FEED2020C932001D05D5 /* Sources */,
				4800FEEE2020C932001D05D5 /* Frameworks */,
				4800FEEF2020C932001D05D5 /* Resources */,
			);
			buildRules = (
			);
			dependencies = (
				4800FEF32020C932001D05D5 /* PBXTargetDependency */,
			);
			name = classQuanTriManHinhTests;
			productName = classQuanTriManHinhTests;
			productReference = 4800FEF12020C932001D05D5 /* classQuanTriManHinhTests.xctest */;
			productType = "com.apple.product-type.bundle.unit-test";
		};
		4800FEFB2020C932001D05D5 /* classQuanTriManHinhUITests */ = {
			isa = PBXNativeTarget;
			buildConfigurationList = 4800FF0B2020C932001D05D5 /* Build configuration list for PBXNativeTarget "classQuanTriManHinhUITests" */;
			buildPhases = (
				4800FEF82020C932001D05D5 /* Sources */,
				4800FEF92020C932001D05D5 /* Frameworks */,
				4800FEFA2020C932001D05D5 /* Resources */,
			);
			buildRules = (
			);
			dependencies = (
				4800FEFE2020C932001D05D5 /* PBXTargetDependency */,
			);
			name = classQuanTriManHinhUITests;
			productName = classQuanTriManHinhUITests;
			productReference = 4800FEFC2020C932001D05D5 /* classQuanTriManHinhUITests.xctest */;
			productType = "com.apple.product-type.bundle.ui-testing";
		};
/* End PBXNativeTarget section */

/* Begin PBXProject section */
		4800FED52020C932001D05D5 /* Project object */ = {
			isa = PBXProject;
			attributes = {
				LastSwiftUpdateCheck = 0920;
				LastUpgradeCheck = 0920;
				ORGANIZATIONNAME = apple;
				TargetAttributes = {
					4800FEDC2020C932001D05D5 = {
						CreatedOnToolsVersion = 9.2;
						ProvisioningStyle = Automatic;
					};
					4800FEF02020C932001D05D5 = {
						CreatedOnToolsVersion = 9.2;
						ProvisioningStyle = Automatic;
						TestTargetID = 4800FEDC2020C932001D05D5;
					};
					4800FEFB2020C932001D05D5 = {
						CreatedOnToolsVersion = 9.2;
						ProvisioningStyle = Automatic;
						TestTargetID = 4800FEDC2020C932001D05D5;
					};
				};
			};
			buildConfigurationList = 4800FED82020C932001D05D5 /* Build configuration list for PBXProject "classQuanTriManHinh" */;
			compatibilityVersion = "Xcode 8.0";
			developmentRegion = en;
			hasScannedForEncodings = 0;
			knownRegions = (
				en,
				Base,
			);
			mainGroup = 4800FED42020C932001D05D5;
			productRefGroup = 4800FEDE2020C932001D05D5 /* Products */;
			projectDirPath = "";
			projectRoot = "";
			targets = (
				4800FEDC2020C932001D05D5 /* classQuanTriManHinh */,
				4800FEF02020C932001D05D5 /* classQuanTriManHinhTests */,
				4800FEFB2020C932001D05D5 /* classQuanTriManHinhUITests */,
			);
		};
/* End PBXProject section */

/* Begin PBXResourcesBuildPhase section */
		4800FEDB2020C932001D05D5 /* Resources */ = {
			isa = PBXResourcesBuildPhase;
			buildActionMask = 2147483647;
			files = (
				4800FEEB2020C932001D05D5 /* LaunchScreen.storyboard in Resources */,
				4800FEE82020C932001D05D5 /* Assets.xcassets in Resources */,
				4800FEE62020C932001D05D5 /* Main.storyboard in Resources */,
			);
			runOnlyForDeploymentPostprocessing = 0;
		};
		4800FEEF2020C932001D05D5 /* Resources */ = {
			isa = PBXResourcesBuildPhase;
			buildActionMask = 2147483647;
			files = (
			);
			runOnlyForDeploymentPostprocessing = 0;
		};
		4800FEFA2020C932001D05D5 /* Resources */ = {
			isa = PBXResourcesBuildPhase;
			buildActionMask = 2147483647;
			files = (
			);
			runOnlyForDeploymentPostprocessing = 0;
		};
/* End PBXResourcesBuildPhase section */

/* Begin PBXSourcesBuildPhase section */
		4800FED92020C932001D05D5 /* Sources */ = {
			isa = PBXSourcesBuildPhase;
			buildActionMask = 2147483647;
			files = (
				4800FEE32020C932001D05D5 /* manHinh1.swift in Sources */,
				4800FEE12020C932001D05D5 /* AppDelegate.swift in Sources */,
				4800FF0F2020C955001D05D5 /* manHinh2.swift in Sources */,
			);
			runOnlyForDeploymentPostprocessing = 0;
		};
		4800FEED2020C932001D05D5 /* Sources */ = {
			isa = PBXSourcesBuildPhase;
			buildActionMask = 2147483647;
			files = (
				4800FEF62020C932001D05D5 /* classQuanTriManHinhTests.swift in Sources */,
			);
			runOnlyForDeploymentPostprocessing = 0;
		};
		4800FEF82020C932001D05D5 /* Sources */ = {
			isa = PBXSourcesBuildPhase;
			buildActionMask = 2147483647;
			files = (
				4800FF012020C932001D05D5 /* classQuanTriManHinhUITests.swift in Sources */,
			);
			runOnlyForDeploymentPostprocessing = 0;
		};
/* End PBXSourcesBuildPhase section */

/* Begin PBXTargetDependency section */
		4800FEF32020C932001D05D5 /* PBXTargetDependency */ = {
			isa = PBXTargetDependency;
			target = 4800FEDC2020C932001D05D5 /* classQuanTriManHinh */;
			targetProxy = 4800FEF22020C932001D05D5 /* PBXContainerItemProxy */;
		};
		4800FEFE2020C932001D05D5 /* PBXTargetDependency */ = {
			isa = PBXTargetDependency;
			target = 4800FEDC2020C932001D05D5 /* classQuanTriManHinh */;
			targetProxy = 4800FEFD2020C932001D05D5 /* PBXContainerItemProxy */;
		};
/* End PBXTargetDependency section */

/* Begin PBXVariantGroup section */
		4800FEE42020C932001D05D5 /* Main.storyboard */ = {
			isa = PBXVariantGroup;
			children = (
				4800FEE52020C932001D05D5 /* Base */,
			);
			name = Main.storyboard;
			sourceTree = "<group>";
		};
		4800FEE92020C932001D05D5 /* LaunchScreen.storyboard */ = {
			isa = PBXVariantGroup;
			children = (
				4800FEEA2020C932001D05D5 /* Base */,
			);
			name = LaunchScreen.storyboard;
			sourceTree = "<group>";
		};
/* End PBXVariantGroup section */

/* Begin XCBuildConfiguration section */
		4800FF032020C932001D05D5 /* Debug */ = {
			isa = XCBuildConfiguration;
			buildSettings = {
				ALWAYS_SEARCH_USER_PATHS = NO;
				CLANG_ANALYZER_NONNULL = YES;
				CLANG_ANALYZER_NUMBER_OBJECT_CONVERSION = YES_AGGRESSIVE;
				CLANG_CXX_LANGUAGE_STANDARD = "gnu++14";
				CLANG_CXX_LIBRARY = "libc++";
				CLANG_ENABLE_MODULES = YES;
				CLANG_ENABLE_OBJC_ARC = YES;
				CLANG_WARN_BLOCK_CAPTURE_AUTORELEASING = YES;
				CLANG_WARN_BOOL_CONVERSION = YES;
				CLANG_WARN_COMMA = YES;
				CLANG_WARN_CONSTANT_CONVERSION = YES;
				CLANG_WARN_DIRECT_OBJC_ISA_USAGE = YES_ERROR;
				CLANG_WARN_DOCUMENTATION_COMMENTS = YES;
				CLANG_WARN_EMPTY_BODY = YES;
				CLANG_WARN_ENUM_CONVERSION = YES;
				CLANG_WARN_INFINITE_RECURSION = YES;
				CLANG_WARN_INT_CONVERSION = YES;
				CLANG_WARN_NON_LITERAL_NULL_CONVERSION = YES;
				CLANG_WARN_OBJC_LITERAL_CONVERSION = YES;
				CLANG_WARN_OBJC_ROOT_CLASS = YES_ERROR;
				CLANG_WARN_RANGE_LOOP_ANALYSIS = YES;
				CLANG_WARN_STRICT_PROTOTYPES = YES;
				CLANG_WARN_SUSPICIOUS_MOVE = YES;
				CLANG_WARN_UNGUARDED_AVAILABILITY = YES_AGGRESSIVE;
				CLANG_WARN_UNREACHABLE_CODE = YES;
				CLANG_WARN__DUPLICATE_METHOD_MATCH = YES;
				CODE_SIGN_IDENTITY = "iPhone Developer";
				COPY_PHASE_STRIP = NO;
				DEBUG_INFORMATION_FORMAT = dwarf;
				ENABLE_STRICT_OBJC_MSGSEND = YES;
				ENABLE_TESTABILITY = YES;
				GCC_C_LANGUAGE_STANDARD = gnu11;
				GCC_DYNAMIC_NO_PIC = NO;
				GCC_NO_COMMON_BLOCKS = YES;
				GCC_OPTIMIZATION_LEVEL = 0;
				GCC_PREPROCESSOR_DEFINITIONS = (
					"DEBUG=1",
					"$(inherited)",
				);
				GCC_WARN_64_TO_32_BIT_CONVERSION = YES;
				GCC_WARN_ABOUT_RETURN_TYPE = YES_ERROR;
				GCC_WARN_UNDECLARED_SELECTOR = YES;
				GCC_WARN_UNINITIALIZED_AUTOS = YES_AGGRESSIVE;
				GCC_WARN_UNUSED_FUNCTION = YES;
				GCC_WARN_UNUSED_VARIABLE = YES;
				IPHONEOS_DEPLOYMENT_TARGET = 11.2;
				MTL_ENABLE_DEBUG_INFO = YES;
				ONLY_ACTIVE_ARCH = YES;
				SDKROOT = iphoneos;
				SWIFT_ACTIVE_COMPILATION_CONDITIONS = DEBUG;
				SWIFT_OPTIMIZATION_LEVEL = "-Onone";
			};
			name = Debug;
		};
		4800FF042020C932001D05D5 /* Release */ = {
			isa = XCBuildConfiguration;
			buildSettings = {
				ALWAYS_SEARCH_USER_PATHS = NO;
				CLANG_ANALYZER_NONNULL = YES;
				CLANG_ANALYZER_NUMBER_OBJECT_CONVERSION = YES_AGGRESSIVE;
				CLANG_CXX_LANGUAGE_STANDARD = "gnu++14";
				CLANG_CXX_LIBRARY = "libc++";
				CLANG_ENABLE_MODULES = YES;
				CLANG_ENABLE_OBJC_ARC = YES;
				CLANG_WARN_BLOCK_CAPTURE_AUTORELEASING = YES;
				CLANG_WARN_BOOL_CONVERSION = YES;
				CLANG_WARN_COMMA = YES;
				CLANG_WARN_CONSTANT_CONVERSION = YES;
				CLANG_WARN_DIRECT_OBJC_ISA_USAGE = YES_ERROR;
				CLANG_WARN_DOCUMENTATION_COMMENTS = YES;
				CLANG_WARN_EMPTY_BODY = YES;
				CLANG_WARN_ENUM_CONVERSION = YES;
				CLANG_WARN_INFINITE_RECURSION = YES;
				CLANG_WARN_INT_CONVERSION = YES;
				CLANG_WARN_NON_LITERAL_NULL_CONVERSION = YES;
				CLANG_WARN_OBJC_LITERAL_CONVERSION = YES;
				CLANG_WARN_OBJC_ROOT_CLASS = YES_ERROR;
				CLANG_WARN_RANGE_LOOP_ANALYSIS = YES;
				CLANG_WARN_STRICT_PROTOTYPES = YES;
				CLANG_WARN_SUSPICIOUS_MOVE = YES;
				CLANG_WARN_UNGUARDED_AVAILABILITY = YES_AGGRESSIVE;
				CLANG_WARN_UNREACHABLE_CODE = YES;
				CLANG_WARN__DUPLICATE_METHOD_MATCH = YES;
				CODE_SIGN_IDENTITY = "iPhone Developer";
				COPY_PHASE_STRIP = NO;
				DEBUG_INFORMATION_FORMAT = "dwarf-with-dsym";
				ENABLE_NS_ASSERTIONS = NO;
				ENABLE_STRICT_OBJC_MSGSEND = YES;
				GCC_C_LANGUAGE_STANDARD = gnu11;
				GCC_NO_COMMON_BLOCKS = YES;
				GCC_WARN_64_TO_32_BIT_CONVERSION = YES;
				GCC_WARN_ABOUT_RETURN_TYPE = YES_ERROR;
				GCC_WARN_UNDECLARED_SELECTOR = YES;
				GCC_WARN_UNINITIALIZED_AUTOS = YES_AGGRESSIVE;
				GCC_WARN_UNUSED_FUNCTION = YES;
				GCC_WARN_UNUSED_VARIABLE = YES;
				IPHONEOS_DEPLOYMENT_TARGET = 11.2;
				MTL_ENABLE_DEBUG_INFO = NO;
				SDKROOT = iphoneos;
				SWIFT_OPTIMIZATION_LEVEL = "-Owholemodule";
				VALIDATE_PRODUCT = YES;
			};
			name = Release;
		};
		4800FF062020C932001D05D5 /* Debug */ = {
			isa = XCBuildConfiguration;
			buildSettings = {
				ASSETCATALOG_COMPILER_APPICON_NAME = AppIcon;
				CODE_SIGN_STYLE = Automatic;
				DEVELOPMENT_TEAM = GCCHGD89G4;
				INFOPLIST_FILE = classQuanTriManHinh/Info.plist;
				LD_RUNPATH_SEARCH_PATHS = "$(inherited) @executable_path/Frameworks";
				PRODUCT_BUNDLE_IDENTIFIER = com.hedspi.k60c.classQuanTriManHinh;
				PRODUCT_NAME = "$(TARGET_NAME)";
				SWIFT_VERSION = 4.0;
				TARGETED_DEVICE_FAMILY = "1,2";
			};
			name = Debug;
		};
		4800FF072020C932001D05D5 /* Release */ = {
			isa = XCBuildConfiguration;
			buildSettings = {
				ASSETCATALOG_COMPILER_APPICON_NAME = AppIcon;
				CODE_SIGN_STYLE = Automatic;
				DEVELOPMENT_TEAM = GCCHGD89G4;
				INFOPLIST_FILE = classQuanTriManHinh/Info.plist;
				LD_RUNPATH_SEARCH_PATHS = "$(inherited) @executable_path/Frameworks";
				PRODUCT_BUNDLE_IDENTIFIER = com.hedspi.k60c.classQuanTriManHinh;
				PRODUCT_NAME = "$(TARGET_NAME)";
				SWIFT_VERSION = 4.0;
				TARGETED_DEVICE_FAMILY = "1,2";
			};
			name = Release;
		};
		4800FF092020C932001D05D5 /* Debug */ = {
			isa = XCBuildConfiguration;
			buildSettings = {
				ALWAYS_EMBED_SWIFT_STANDARD_LIBRARIES = YES;
				BUNDLE_LOADER = "$(TEST_HOST)";
				CODE_SIGN_STYLE = Automatic;
				DEVELOPMENT_TEAM = GCCHGD89G4;
				INFOPLIST_FILE = classQuanTriManHinhTests/Info.plist;
				LD_RUNPATH_SEARCH_PATHS = "$(inherited) @executable_path/Frameworks @loader_path/Frameworks";
				PRODUCT_BUNDLE_IDENTIFIER = com.hedspi.k60c.classQuanTriManHinhTests;
				PRODUCT_NAME = "$(TARGET_NAME)";
				SWIFT_VERSION = 4.0;
				TARGETED_DEVICE_FAMILY = "1,2";
				TEST_HOST = "$(BUILT_PRODUCTS_DIR)/classQuanTriManHinh.app/classQuanTriManHinh";
			};
			name = Debug;
		};
		4800FF0A2020C932001D05D5 /* Release */ = {
			isa = XCBuildConfiguration;
			buildSettings = {
				ALWAYS_EMBED_SWIFT_STANDARD_LIBRARIES = YES;
				BUNDLE_LOADER = "$(TEST_HOST)";
				CODE_SIGN_STYLE = Automatic;
				DEVELOPMENT_TEAM = GCCHGD89G4;
				INFOPLIST_FILE = classQuanTriManHinhTests/Info.plist;
				LD_RUNPATH_SEARCH_PATHS = "$(inherited) @executable_path/Frameworks @loader_path/Frameworks";
				PRODUCT_BUNDLE_IDENTIFIER = com.hedspi.k60c.classQuanTriManHinhTests;
				PRODUCT_NAME = "$(TARGET_NAME)";
				SWIFT_VERSION = 4.0;
				TARGETED_DEVICE_FAMILY = "1,2";
				TEST_HOST = "$(BUILT_PRODUCTS_DIR)/classQuanTriManHinh.app/classQuanTriManHinh";
			};
			name = Release;
		};
		4800FF0C2020C932001D05D5 /* Debug */ = {
			isa = XCBuildConfiguration;
			buildSettings = {
				ALWAYS_EMBED_SWIFT_STANDARD_LIBRARIES = YES;
				CODE_SIGN_STYLE = Automatic;
				DEVELOPMENT_TEAM = GCCHGD89G4;
				INFOPLIST_FILE = classQuanTriManHinhUITests/Info.plist;
				LD_RUNPATH_SEARCH_PATHS = "$(inherited) @executable_path/Frameworks @loader_path/Frameworks";
				PRODUCT_BUNDLE_IDENTIFIER = com.hedspi.k60c.classQuanTriManHinhUITests;
				PRODUCT_NAME = "$(TARGET_NAME)";
				SWIFT_VERSION = 4.0;
				TARGETED_DEVICE_FAMILY = "1,2";
				TEST_TARGET_NAME = classQuanTriManHinh;
			};
			name = Debug;
		};
		4800FF0D2020C932001D05D5 /* Release */ = {
			isa = XCBuildConfiguration;
			buildSettings = {
				ALWAYS_EMBED_SWIFT_STANDARD_LIBRARIES = YES;
				CODE_SIGN_STYLE = Automatic;
				DEVELOPMENT_TEAM = GCCHGD89G4;
				INFOPLIST_FILE = classQuanTriManHinhUITests/Info.plist;
				LD_RUNPATH_SEARCH_PATHS = "$(inherited) @executable_path/Frameworks @loader_path/Frameworks";
				PRODUCT_BUNDLE_IDENTIFIER = com.hedspi.k60c.classQuanTriManHinhUITests;
				PRODUCT_NAME = "$(TARGET_NAME)";
				SWIFT_VERSION = 4.0;
				TARGETED_DEVICE_FAMILY = "1,2";
				TEST_TARGET_NAME = classQuanTriManHinh;
			};
			name = Release;
		};
/* End XCBuildConfiguration section */

/* Begin XCConfigurationList section */
		4800FED82020C932001D05D5 /* Build configuration list for PBXProject "classQuanTriManHinh" */ = {
			isa = XCConfigurationList;
			buildConfigurations = (
				4800FF032020C932001D05D5 /* Debug */,
				4800FF042020C932001D05D5 /* Release */,
			);
			defaultConfigurationIsVisible = 0;
			defaultConfigurationName = Release;
		};
		4800FF052020C932001D05D5 /* Build configuration list for PBXNativeTarget "classQuanTriManHinh" */ = {
			isa = XCConfigurationList;
			buildConfigurations = (
				4800FF062020C932001D05D5 /* Debug */,
				4800FF072020C932001D05D5 /* Release */,
			);
			defaultConfigurationIsVisible = 0;
			defaultConfigurationName = Release;
		};
		4800FF082020C932001D05D5 /* Build configuration list for PBXNativeTarget "classQuanTriManHinhTests" */ = {
			isa = XCConfigurationList;
			buildConfigurations = (
				4800FF092020C932001D05D5 /* Debug */,
				4800FF0A2020C932001D05D5 /* Release */,
			);
			defaultConfigurationIsVisible = 0;
			defaultConfigurationName = Release;
		};
		4800FF0B2020C932001D05D5 /* Build configuration list for PBXNativeTarget "classQuanTriManHinhUITests" */ = {
			isa = XCConfigurationList;
			buildConfigurations = (
				4800FF0C2020C932001D05D5 /* Debug */,
				4800FF0D2020C932001D05D5 /* Release */,
			);
			defaultConfigurationIsVisible = 0;
			defaultConfigurationName = Release;
		};
/* End XCConfigurationList section */
	};
	rootObject = 4800FED52020C932001D05D5 /* Project object */;
}
