// !$*UTF8*$!
{
	archiveVersion = 1;
	classes = {
	};
	objectVersion = 48;
	objects = {

/* Begin PBXBuildFile section */
		484E617D202219000028F04D /* AppDelegate.swift in Sources */ = {isa = PBXBuildFile; fileRef = 484E617C202219000028F04D /* AppDelegate.swift */; };
		484E617F202219000028F04D /* ViewController.swift in Sources */ = {isa = PBXBuildFile; fileRef = 484E617E202219000028F04D /* ViewController.swift */; };
		484E6182202219000028F04D /* Main.storyboard in Resources */ = {isa = PBXBuildFile; fileRef = 484E6180202219000028F04D /* Main.storyboard */; };
		484E6184202219000028F04D /* Assets.xcassets in Resources */ = {isa = PBXBuildFile; fileRef = 484E6183202219000028F04D /* Assets.xcassets */; };
		484E6187202219000028F04D /* LaunchScreen.storyboard in Resources */ = {isa = PBXBuildFile; fileRef = 484E6185202219000028F04D /* LaunchScreen.storyboard */; };
		484E6192202219000028F04D /* practive2Tests.swift in Sources */ = {isa = PBXBuildFile; fileRef = 484E6191202219000028F04D /* practive2Tests.swift */; };
		484E619D202219010028F04D /* practive2UITests.swift in Sources */ = {isa = PBXBuildFile; fileRef = 484E619C202219010028F04D /* practive2UITests.swift */; };
/* End PBXBuildFile section */

/* Begin PBXContainerItemProxy section */
		484E618E202219000028F04D /* PBXContainerItemProxy */ = {
			isa = PBXContainerItemProxy;
			containerPortal = 484E6171202219000028F04D /* Project object */;
			proxyType = 1;
			remoteGlobalIDString = 484E6178202219000028F04D;
			remoteInfo = practive2;
		};
		484E6199202219010028F04D /* PBXContainerItemProxy */ = {
			isa = PBXContainerItemProxy;
			containerPortal = 484E6171202219000028F04D /* Project object */;
			proxyType = 1;
			remoteGlobalIDString = 484E6178202219000028F04D;
			remoteInfo = practive2;
		};
/* End PBXContainerItemProxy section */

/* Begin PBXFileReference section */
		484E6179202219000028F04D /* practive2.app */ = {isa = PBXFileReference; explicitFileType = wrapper.application; includeInIndex = 0; path = practive2.app; sourceTree = BUILT_PRODUCTS_DIR; };
		484E617C202219000028F04D /* AppDelegate.swift */ = {isa = PBXFileReference; lastKnownFileType = sourcecode.swift; path = AppDelegate.swift; sourceTree = "<group>"; };
		484E617E202219000028F04D /* ViewController.swift */ = {isa = PBXFileReference; lastKnownFileType = sourcecode.swift; path = ViewController.swift; sourceTree = "<group>"; };
		484E6181202219000028F04D /* Base */ = {isa = PBXFileReference; lastKnownFileType = file.storyboard; name = Base; path = Base.lproj/Main.storyboard; sourceTree = "<group>"; };
		484E6183202219000028F04D /* Assets.xcassets */ = {isa = PBXFileReference; lastKnownFileType = folder.assetcatalog; path = Assets.xcassets; sourceTree = "<group>"; };
		484E6186202219000028F04D /* Base */ = {isa = PBXFileReference; lastKnownFileType = file.storyboard; name = Base; path = Base.lproj/LaunchScreen.storyboard; sourceTree = "<group>"; };
		484E6188202219000028F04D /* Info.plist */ = {isa = PBXFileReference; lastKnownFileType = text.plist.xml; path = Info.plist; sourceTree = "<group>"; };
		484E618D202219000028F04D /* practive2Tests.xctest */ = {isa = PBXFileReference; explicitFileType = wrapper.cfbundle; includeInIndex = 0; path = practive2Tests.xctest; sourceTree = BUILT_PRODUCTS_DIR; };
		484E6191202219000028F04D /* practive2Tests.swift */ = {isa = PBXFileReference; lastKnownFileType = sourcecode.swift; path = practive2Tests.swift; sourceTree = "<group>"; };
		484E6193202219000028F04D /* Info.plist */ = {isa = PBXFileReference; lastKnownFileType = text.plist.xml; path = Info.plist; sourceTree = "<group>"; };
		484E6198202219010028F04D /* practive2UITests.xctest */ = {isa = PBXFileReference; explicitFileType = wrapper.cfbundle; includeInIndex = 0; path = practive2UITests.xctest; sourceTree = BUILT_PRODUCTS_DIR; };
		484E619C202219010028F04D /* practive2UITests.swift */ = {isa = PBXFileReference; lastKnownFileType = sourcecode.swift; path = practive2UITests.swift; sourceTree = "<group>"; };
		484E619E202219010028F04D /* Info.plist */ = {isa = PBXFileReference; lastKnownFileType = text.plist.xml; path = Info.plist; sourceTree = "<group>"; };
/* End PBXFileReference section */

/* Begin PBXFrameworksBuildPhase section */
		484E6176202219000028F04D /* Frameworks */ = {
			isa = PBXFrameworksBuildPhase;
			buildActionMask = 2147483647;
			files = (
			);
			runOnlyForDeploymentPostprocessing = 0;
		};
		484E618A202219000028F04D /* Frameworks */ = {
			isa = PBXFrameworksBuildPhase;
			buildActionMask = 2147483647;
			files = (
			);
			runOnlyForDeploymentPostprocessing = 0;
		};
		484E6195202219010028F04D /* Frameworks */ = {
			isa = PBXFrameworksBuildPhase;
			buildActionMask = 2147483647;
			files = (
			);
			runOnlyForDeploymentPostprocessing = 0;
		};
/* End PBXFrameworksBuildPhase section */

/* Begin PBXGroup section */
		484E6170202219000028F04D = {
			isa = PBXGroup;
			children = (
				484E617B202219000028F04D /* practive2 */,
				484E6190202219000028F04D /* practive2Tests */,
				484E619B202219010028F04D /* practive2UITests */,
				484E617A202219000028F04D /* Products */,
			);
			sourceTree = "<group>";
		};
		484E617A202219000028F04D /* Products */ = {
			isa = PBXGroup;
			children = (
				484E6179202219000028F04D /* practive2.app */,
				484E618D202219000028F04D /* practive2Tests.xctest */,
				484E6198202219010028F04D /* practive2UITests.xctest */,
			);
			name = Products;
			sourceTree = "<group>";
		};
		484E617B202219000028F04D /* practive2 */ = {
			isa = PBXGroup;
			children = (
				484E617C202219000028F04D /* AppDelegate.swift */,
				484E617E202219000028F04D /* ViewController.swift */,
				484E6180202219000028F04D /* Main.storyboard */,
				484E6183202219000028F04D /* Assets.xcassets */,
				484E6185202219000028F04D /* LaunchScreen.storyboard */,
				484E6188202219000028F04D /* Info.plist */,
			);
			path = practive2;
			sourceTree = "<group>";
		};
		484E6190202219000028F04D /* practive2Tests */ = {
			isa = PBXGroup;
			children = (
				484E6191202219000028F04D /* practive2Tests.swift */,
				484E6193202219000028F04D /* Info.plist */,
			);
			path = practive2Tests;
			sourceTree = "<group>";
		};
		484E619B202219010028F04D /* practive2UITests */ = {
			isa = PBXGroup;
			children = (
				484E619C202219010028F04D /* practive2UITests.swift */,
				484E619E202219010028F04D /* Info.plist */,
			);
			path = practive2UITests;
			sourceTree = "<group>";
		};
/* End PBXGroup section */

/* Begin PBXNativeTarget section */
		484E6178202219000028F04D /* practive2 */ = {
			isa = PBXNativeTarget;
			buildConfigurationList = 484E61A1202219010028F04D /* Build configuration list for PBXNativeTarget "practive2" */;
			buildPhases = (
				484E6175202219000028F04D /* Sources */,
				484E6176202219000028F04D /* Frameworks */,
				484E6177202219000028F04D /* Resources */,
			);
			buildRules = (
			);
			dependencies = (
			);
			name = practive2;
			productName = practive2;
			productReference = 484E6179202219000028F04D /* practive2.app */;
			productType = "com.apple.product-type.application";
		};
		484E618C202219000028F04D /* practive2Tests */ = {
			isa = PBXNativeTarget;
			buildConfigurationList = 484E61A4202219010028F04D /* Build configuration list for PBXNativeTarget "practive2Tests" */;
			buildPhases = (
				484E6189202219000028F04D /* Sources */,
				484E618A202219000028F04D /* Frameworks */,
				484E618B202219000028F04D /* Resources */,
			);
			buildRules = (
			);
			dependencies = (
				484E618F202219000028F04D /* PBXTargetDependency */,
			);
			name = practive2Tests;
			productName = practive2Tests;
			productReference = 484E618D202219000028F04D /* practive2Tests.xctest */;
			productType = "com.apple.product-type.bundle.unit-test";
		};
		484E6197202219010028F04D /* practive2UITests */ = {
			isa = PBXNativeTarget;
			buildConfigurationList = 484E61A7202219010028F04D /* Build configuration list for PBXNativeTarget "practive2UITests" */;
			buildPhases = (
				484E6194202219010028F04D /* Sources */,
				484E6195202219010028F04D /* Frameworks */,
				484E6196202219010028F04D /* Resources */,
			);
			buildRules = (
			);
			dependencies = (
				484E619A202219010028F04D /* PBXTargetDependency */,
			);
			name = practive2UITests;
			productName = practive2UITests;
			productReference = 484E6198202219010028F04D /* practive2UITests.xctest */;
			productType = "com.apple.product-type.bundle.ui-testing";
		};
/* End PBXNativeTarget section */

/* Begin PBXProject section */
		484E6171202219000028F04D /* Project object */ = {
			isa = PBXProject;
			attributes = {
				LastSwiftUpdateCheck = 0920;
				LastUpgradeCheck = 0920;
				ORGANIZATIONNAME = apple;
				TargetAttributes = {
					484E6178202219000028F04D = {
						CreatedOnToolsVersion = 9.2;
						ProvisioningStyle = Automatic;
					};
					484E618C202219000028F04D = {
						CreatedOnToolsVersion = 9.2;
						ProvisioningStyle = Automatic;
						TestTargetID = 484E6178202219000028F04D;
					};
					484E6197202219010028F04D = {
						CreatedOnToolsVersion = 9.2;
						ProvisioningStyle = Automatic;
						TestTargetID = 484E6178202219000028F04D;
					};
				};
			};
			buildConfigurationList = 484E6174202219000028F04D /* Build configuration list for PBXProject "practive2" */;
			compatibilityVersion = "Xcode 8.0";
			developmentRegion = en;
			hasScannedForEncodings = 0;
			knownRegions = (
				en,
				Base,
			);
			mainGroup = 484E6170202219000028F04D;
			productRefGroup = 484E617A202219000028F04D /* Products */;
			projectDirPath = "";
			projectRoot = "";
			targets = (
				484E6178202219000028F04D /* practive2 */,
				484E618C202219000028F04D /* practive2Tests */,
				484E6197202219010028F04D /* practive2UITests */,
			);
		};
/* End PBXProject section */

/* Begin PBXResourcesBuildPhase section */
		484E6177202219000028F04D /* Resources */ = {
			isa = PBXResourcesBuildPhase;
			buildActionMask = 2147483647;
			files = (
				484E6187202219000028F04D /* LaunchScreen.storyboard in Resources */,
				484E6184202219000028F04D /* Assets.xcassets in Resources */,
				484E6182202219000028F04D /* Main.storyboard in Resources */,
			);
			runOnlyForDeploymentPostprocessing = 0;
		};
		484E618B202219000028F04D /* Resources */ = {
			isa = PBXResourcesBuildPhase;
			buildActionMask = 2147483647;
			files = (
			);
			runOnlyForDeploymentPostprocessing = 0;
		};
		484E6196202219010028F04D /* Resources */ = {
			isa = PBXResourcesBuildPhase;
			buildActionMask = 2147483647;
			files = (
			);
			runOnlyForDeploymentPostprocessing = 0;
		};
/* End PBXResourcesBuildPhase section */

/* Begin PBXSourcesBuildPhase section */
		484E6175202219000028F04D /* Sources */ = {
			isa = PBXSourcesBuildPhase;
			buildActionMask = 2147483647;
			files = (
				484E617F202219000028F04D /* ViewController.swift in Sources */,
				484E617D202219000028F04D /* AppDelegate.swift in Sources */,
			);
			runOnlyForDeploymentPostprocessing = 0;
		};
		484E6189202219000028F04D /* Sources */ = {
			isa = PBXSourcesBuildPhase;
			buildActionMask = 2147483647;
			files = (
				484E6192202219000028F04D /* practive2Tests.swift in Sources */,
			);
			runOnlyForDeploymentPostprocessing = 0;
		};
		484E6194202219010028F04D /* Sources */ = {
			isa = PBXSourcesBuildPhase;
			buildActionMask = 2147483647;
			files = (
				484E619D202219010028F04D /* practive2UITests.swift in Sources */,
			);
			runOnlyForDeploymentPostprocessing = 0;
		};
/* End PBXSourcesBuildPhase section */

/* Begin PBXTargetDependency section */
		484E618F202219000028F04D /* PBXTargetDependency */ = {
			isa = PBXTargetDependency;
			target = 484E6178202219000028F04D /* practive2 */;
			targetProxy = 484E618E202219000028F04D /* PBXContainerItemProxy */;
		};
		484E619A202219010028F04D /* PBXTargetDependency */ = {
			isa = PBXTargetDependency;
			target = 484E6178202219000028F04D /* practive2 */;
			targetProxy = 484E6199202219010028F04D /* PBXContainerItemProxy */;
		};
/* End PBXTargetDependency section */

/* Begin PBXVariantGroup section */
		484E6180202219000028F04D /* Main.storyboard */ = {
			isa = PBXVariantGroup;
			children = (
				484E6181202219000028F04D /* Base */,
			);
			name = Main.storyboard;
			sourceTree = "<group>";
		};
		484E6185202219000028F04D /* LaunchScreen.storyboard */ = {
			isa = PBXVariantGroup;
			children = (
				484E6186202219000028F04D /* Base */,
			);
			name = LaunchScreen.storyboard;
			sourceTree = "<group>";
		};
/* End PBXVariantGroup section */

/* Begin XCBuildConfiguration section */
		484E619F202219010028F04D /* Debug */ = {
			isa = XCBuildConfiguration;
			buildSettings = {
				ALWAYS_SEARCH_USER_PATHS = NO;
				CLANG_ANALYZER_NONNULL = YES;
				CLANG_ANALYZER_NUMBER_OBJECT_CONVERSION = YES_AGGRESSIVE;
				CLANG_CXX_LANGUAGE_STANDARD = "gnu++14";
				CLANG_CXX_LIBRARY = "libc++";
				CLANG_ENABLE_MODULES = YES;
				CLANG_ENABLE_OBJC_ARC = YES;
				CLANG_WARN_BLOCK_CAPTURE_AUTORELEASING = YES;
				CLANG_WARN_BOOL_CONVERSION = YES;
				CLANG_WARN_COMMA = YES;
				CLANG_WARN_CONSTANT_CONVERSION = YES;
				CLANG_WARN_DIRECT_OBJC_ISA_USAGE = YES_ERROR;
				CLANG_WARN_DOCUMENTATION_COMMENTS = YES;
				CLANG_WARN_EMPTY_BODY = YES;
				CLANG_WARN_ENUM_CONVERSION = YES;
				CLANG_WARN_INFINITE_RECURSION = YES;
				CLANG_WARN_INT_CONVERSION = YES;
				CLANG_WARN_NON_LITERAL_NULL_CONVERSION = YES;
				CLANG_WARN_OBJC_LITERAL_CONVERSION = YES;
				CLANG_WARN_OBJC_ROOT_CLASS = YES_ERROR;
				CLANG_WARN_RANGE_LOOP_ANALYSIS = YES;
				CLANG_WARN_STRICT_PROTOTYPES = YES;
				CLANG_WARN_SUSPICIOUS_MOVE = YES;
				CLANG_WARN_UNGUARDED_AVAILABILITY = YES_AGGRESSIVE;
				CLANG_WARN_UNREACHABLE_CODE = YES;
				CLANG_WARN__DUPLICATE_METHOD_MATCH = YES;
				CODE_SIGN_IDENTITY = "iPhone Developer";
				COPY_PHASE_STRIP = NO;
				DEBUG_INFORMATION_FORMAT = dwarf;
				ENABLE_STRICT_OBJC_MSGSEND = YES;
				ENABLE_TESTABILITY = YES;
				GCC_C_LANGUAGE_STANDARD = gnu11;
				GCC_DYNAMIC_NO_PIC = NO;
				GCC_NO_COMMON_BLOCKS = YES;
				GCC_OPTIMIZATION_LEVEL = 0;
				GCC_PREPROCESSOR_DEFINITIONS = (
					"DEBUG=1",
					"$(inherited)",
				);
				GCC_WARN_64_TO_32_BIT_CONVERSION = YES;
				GCC_WARN_ABOUT_RETURN_TYPE = YES_ERROR;
				GCC_WARN_UNDECLARED_SELECTOR = YES;
				GCC_WARN_UNINITIALIZED_AUTOS = YES_AGGRESSIVE;
				GCC_WARN_UNUSED_FUNCTION = YES;
				GCC_WARN_UNUSED_VARIABLE = YES;
				IPHONEOS_DEPLOYMENT_TARGET = 11.2;
				MTL_ENABLE_DEBUG_INFO = YES;
				ONLY_ACTIVE_ARCH = YES;
				SDKROOT = iphoneos;
				SWIFT_ACTIVE_COMPILATION_CONDITIONS = DEBUG;
				SWIFT_OPTIMIZATION_LEVEL = "-Onone";
			};
			name = Debug;
		};
		484E61A0202219010028F04D /* Release */ = {
			isa = XCBuildConfiguration;
			buildSettings = {
				ALWAYS_SEARCH_USER_PATHS = NO;
				CLANG_ANALYZER_NONNULL = YES;
				CLANG_ANALYZER_NUMBER_OBJECT_CONVERSION = YES_AGGRESSIVE;
				CLANG_CXX_LANGUAGE_STANDARD = "gnu++14";
				CLANG_CXX_LIBRARY = "libc++";
				CLANG_ENABLE_MODULES = YES;
				CLANG_ENABLE_OBJC_ARC = YES;
				CLANG_WARN_BLOCK_CAPTURE_AUTORELEASING = YES;
				CLANG_WARN_BOOL_CONVERSION = YES;
				CLANG_WARN_COMMA = YES;
				CLANG_WARN_CONSTANT_CONVERSION = YES;
				CLANG_WARN_DIRECT_OBJC_ISA_USAGE = YES_ERROR;
				CLANG_WARN_DOCUMENTATION_COMMENTS = YES;
				CLANG_WARN_EMPTY_BODY = YES;
				CLANG_WARN_ENUM_CONVERSION = YES;
				CLANG_WARN_INFINITE_RECURSION = YES;
				CLANG_WARN_INT_CONVERSION = YES;
				CLANG_WARN_NON_LITERAL_NULL_CONVERSION = YES;
				CLANG_WARN_OBJC_LITERAL_CONVERSION = YES;
				CLANG_WARN_OBJC_ROOT_CLASS = YES_ERROR;
				CLANG_WARN_RANGE_LOOP_ANALYSIS = YES;
				CLANG_WARN_STRICT_PROTOTYPES = YES;
				CLANG_WARN_SUSPICIOUS_MOVE = YES;
				CLANG_WARN_UNGUARDED_AVAILABILITY = YES_AGGRESSIVE;
				CLANG_WARN_UNREACHABLE_CODE = YES;
				CLANG_WARN__DUPLICATE_METHOD_MATCH = YES;
				CODE_SIGN_IDENTITY = "iPhone Developer";
				COPY_PHASE_STRIP = NO;
				DEBUG_INFORMATION_FORMAT = "dwarf-with-dsym";
				ENABLE_NS_ASSERTIONS = NO;
				ENABLE_STRICT_OBJC_MSGSEND = YES;
				GCC_C_LANGUAGE_STANDARD = gnu11;
				GCC_NO_COMMON_BLOCKS = YES;
				GCC_WARN_64_TO_32_BIT_CONVERSION = YES;
				GCC_WARN_ABOUT_RETURN_TYPE = YES_ERROR;
				GCC_WARN_UNDECLARED_SELECTOR = YES;
				GCC_WARN_UNINITIALIZED_AUTOS = YES_AGGRESSIVE;
				GCC_WARN_UNUSED_FUNCTION = YES;
				GCC_WARN_UNUSED_VARIABLE = YES;
				IPHONEOS_DEPLOYMENT_TARGET = 11.2;
				MTL_ENABLE_DEBUG_INFO = NO;
				SDKROOT = iphoneos;
				SWIFT_OPTIMIZATION_LEVEL = "-Owholemodule";
				VALIDATE_PRODUCT = YES;
			};
			name = Release;
		};
		484E61A2202219010028F04D /* Debug */ = {
			isa = XCBuildConfiguration;
			buildSettings = {
				ASSETCATALOG_COMPILER_APPICON_NAME = AppIcon;
				CODE_SIGN_STYLE = Automatic;
				DEVELOPMENT_TEAM = GCCHGD89G4;
				INFOPLIST_FILE = practive2/Info.plist;
				LD_RUNPATH_SEARCH_PATHS = "$(inherited) @executable_path/Frameworks";
				PRODUCT_BUNDLE_IDENTIFIER = com.hedspi.k60c.practive2;
				PRODUCT_NAME = "$(TARGET_NAME)";
				SWIFT_VERSION = 4.0;
				TARGETED_DEVICE_FAMILY = "1,2";
			};
			name = Debug;
		};
		484E61A3202219010028F04D /* Release */ = {
			isa = XCBuildConfiguration;
			buildSettings = {
				ASSETCATALOG_COMPILER_APPICON_NAME = AppIcon;
				CODE_SIGN_STYLE = Automatic;
				DEVELOPMENT_TEAM = GCCHGD89G4;
				INFOPLIST_FILE = practive2/Info.plist;
				LD_RUNPATH_SEARCH_PATHS = "$(inherited) @executable_path/Frameworks";
				PRODUCT_BUNDLE_IDENTIFIER = com.hedspi.k60c.practive2;
				PRODUCT_NAME = "$(TARGET_NAME)";
				SWIFT_VERSION = 4.0;
				TARGETED_DEVICE_FAMILY = "1,2";
			};
			name = Release;
		};
		484E61A5202219010028F04D /* Debug */ = {
			isa = XCBuildConfiguration;
			buildSettings = {
				ALWAYS_EMBED_SWIFT_STANDARD_LIBRARIES = YES;
				BUNDLE_LOADER = "$(TEST_HOST)";
				CODE_SIGN_STYLE = Automatic;
				DEVELOPMENT_TEAM = GCCHGD89G4;
				INFOPLIST_FILE = practive2Tests/Info.plist;
				LD_RUNPATH_SEARCH_PATHS = "$(inherited) @executable_path/Frameworks @loader_path/Frameworks";
				PRODUCT_BUNDLE_IDENTIFIER = com.hedspi.k60c.practive2Tests;
				PRODUCT_NAME = "$(TARGET_NAME)";
				SWIFT_VERSION = 4.0;
				TARGETED_DEVICE_FAMILY = "1,2";
				TEST_HOST = "$(BUILT_PRODUCTS_DIR)/practive2.app/practive2";
			};
			name = Debug;
		};
		484E61A6202219010028F04D /* Release */ = {
			isa = XCBuildConfiguration;
			buildSettings = {
				ALWAYS_EMBED_SWIFT_STANDARD_LIBRARIES = YES;
				BUNDLE_LOADER = "$(TEST_HOST)";
				CODE_SIGN_STYLE = Automatic;
				DEVELOPMENT_TEAM = GCCHGD89G4;
				INFOPLIST_FILE = practive2Tests/Info.plist;
				LD_RUNPATH_SEARCH_PATHS = "$(inherited) @executable_path/Frameworks @loader_path/Frameworks";
				PRODUCT_BUNDLE_IDENTIFIER = com.hedspi.k60c.practive2Tests;
				PRODUCT_NAME = "$(TARGET_NAME)";
				SWIFT_VERSION = 4.0;
				TARGETED_DEVICE_FAMILY = "1,2";
				TEST_HOST = "$(BUILT_PRODUCTS_DIR)/practive2.app/practive2";
			};
			name = Release;
		};
		484E61A8202219010028F04D /* Debug */ = {
			isa = XCBuildConfiguration;
			buildSettings = {
				ALWAYS_EMBED_SWIFT_STANDARD_LIBRARIES = YES;
				CODE_SIGN_STYLE = Automatic;
				DEVELOPMENT_TEAM = GCCHGD89G4;
				INFOPLIST_FILE = practive2UITests/Info.plist;
				LD_RUNPATH_SEARCH_PATHS = "$(inherited) @executable_path/Frameworks @loader_path/Frameworks";
				PRODUCT_BUNDLE_IDENTIFIER = com.hedspi.k60c.practive2UITests;
				PRODUCT_NAME = "$(TARGET_NAME)";
				SWIFT_VERSION = 4.0;
				TARGETED_DEVICE_FAMILY = "1,2";
				TEST_TARGET_NAME = practive2;
			};
			name = Debug;
		};
		484E61A9202219010028F04D /* Release */ = {
			isa = XCBuildConfiguration;
			buildSettings = {
				ALWAYS_EMBED_SWIFT_STANDARD_LIBRARIES = YES;
				CODE_SIGN_STYLE = Automatic;
				DEVELOPMENT_TEAM = GCCHGD89G4;
				INFOPLIST_FILE = practive2UITests/Info.plist;
				LD_RUNPATH_SEARCH_PATHS = "$(inherited) @executable_path/Frameworks @loader_path/Frameworks";
				PRODUCT_BUNDLE_IDENTIFIER = com.hedspi.k60c.practive2UITests;
				PRODUCT_NAME = "$(TARGET_NAME)";
				SWIFT_VERSION = 4.0;
				TARGETED_DEVICE_FAMILY = "1,2";
				TEST_TARGET_NAME = practive2;
			};
			name = Release;
		};
/* End XCBuildConfiguration section */

/* Begin XCConfigurationList section */
		484E6174202219000028F04D /* Build configuration list for PBXProject "practive2" */ = {
			isa = XCConfigurationList;
			buildConfigurations = (
				484E619F202219010028F04D /* Debug */,
				484E61A0202219010028F04D /* Release */,
			);
			defaultConfigurationIsVisible = 0;
			defaultConfigurationName = Release;
		};
		484E61A1202219010028F04D /* Build configuration list for PBXNativeTarget "practive2" */ = {
			isa = XCConfigurationList;
			buildConfigurations = (
				484E61A2202219010028F04D /* Debug */,
				484E61A3202219010028F04D /* Release */,
			);
			defaultConfigurationIsVisible = 0;
			defaultConfigurationName = Release;
		};
		484E61A4202219010028F04D /* Build configuration list for PBXNativeTarget "practive2Tests" */ = {
			isa = XCConfigurationList;
			buildConfigurations = (
				484E61A5202219010028F04D /* Debug */,
				484E61A6202219010028F04D /* Release */,
			);
			defaultConfigurationIsVisible = 0;
			defaultConfigurationName = Release;
		};
		484E61A7202219010028F04D /* Build configuration list for PBXNativeTarget "practive2UITests" */ = {
			isa = XCConfigurationList;
			buildConfigurations = (
				484E61A8202219010028F04D /* Debug */,
				484E61A9202219010028F04D /* Release */,
			);
			defaultConfigurationIsVisible = 0;
			defaultConfigurationName = Release;
		};
/* End XCConfigurationList section */
	};
	rootObject = 484E6171202219000028F04D /* Project object */;
}
