// !$*UTF8*$!
{
	archiveVersion = 1;
	classes = {
	};
	objectVersion = 48;
	objects = {

/* Begin PBXBuildFile section */
		484E6143202206AB0028F04D /* AppDelegate.swift in Sources */ = {isa = PBXBuildFile; fileRef = 484E6142202206AB0028F04D /* AppDelegate.swift */; };
		484E6145202206AB0028F04D /* ViewController.swift in Sources */ = {isa = PBXBuildFile; fileRef = 484E6144202206AB0028F04D /* ViewController.swift */; };
		484E6148202206AB0028F04D /* Main.storyboard in Resources */ = {isa = PBXBuildFile; fileRef = 484E6146202206AB0028F04D /* Main.storyboard */; };
		484E614A202206AB0028F04D /* Assets.xcassets in Resources */ = {isa = PBXBuildFile; fileRef = 484E6149202206AB0028F04D /* Assets.xcassets */; };
		484E614D202206AB0028F04D /* LaunchScreen.storyboard in Resources */ = {isa = PBXBuildFile; fileRef = 484E614B202206AB0028F04D /* LaunchScreen.storyboard */; };
		484E6158202206AB0028F04D /* practiveTests.swift in Sources */ = {isa = PBXBuildFile; fileRef = 484E6157202206AB0028F04D /* practiveTests.swift */; };
		484E6163202206AB0028F04D /* practiveUITests.swift in Sources */ = {isa = PBXBuildFile; fileRef = 484E6162202206AB0028F04D /* practiveUITests.swift */; };
/* End PBXBuildFile section */

/* Begin PBXContainerItemProxy section */
		484E6154202206AB0028F04D /* PBXContainerItemProxy */ = {
			isa = PBXContainerItemProxy;
			containerPortal = 484E6137202206AB0028F04D /* Project object */;
			proxyType = 1;
			remoteGlobalIDString = 484E613E202206AB0028F04D;
			remoteInfo = practive;
		};
		484E615F202206AB0028F04D /* PBXContainerItemProxy */ = {
			isa = PBXContainerItemProxy;
			containerPortal = 484E6137202206AB0028F04D /* Project object */;
			proxyType = 1;
			remoteGlobalIDString = 484E613E202206AB0028F04D;
			remoteInfo = practive;
		};
/* End PBXContainerItemProxy section */

/* Begin PBXFileReference section */
		484E613F202206AB0028F04D /* practive.app */ = {isa = PBXFileReference; explicitFileType = wrapper.application; includeInIndex = 0; path = practive.app; sourceTree = BUILT_PRODUCTS_DIR; };
		484E6142202206AB0028F04D /* AppDelegate.swift */ = {isa = PBXFileReference; lastKnownFileType = sourcecode.swift; path = AppDelegate.swift; sourceTree = "<group>"; };
		484E6144202206AB0028F04D /* ViewController.swift */ = {isa = PBXFileReference; lastKnownFileType = sourcecode.swift; path = ViewController.swift; sourceTree = "<group>"; };
		484E6147202206AB0028F04D /* Base */ = {isa = PBXFileReference; lastKnownFileType = file.storyboard; name = Base; path = Base.lproj/Main.storyboard; sourceTree = "<group>"; };
		484E6149202206AB0028F04D /* Assets.xcassets */ = {isa = PBXFileReference; lastKnownFileType = folder.assetcatalog; path = Assets.xcassets; sourceTree = "<group>"; };
		484E614C202206AB0028F04D /* Base */ = {isa = PBXFileReference; lastKnownFileType = file.storyboard; name = Base; path = Base.lproj/LaunchScreen.storyboard; sourceTree = "<group>"; };
		484E614E202206AB0028F04D /* Info.plist */ = {isa = PBXFileReference; lastKnownFileType = text.plist.xml; path = Info.plist; sourceTree = "<group>"; };
		484E6153202206AB0028F04D /* practiveTests.xctest */ = {isa = PBXFileReference; explicitFileType = wrapper.cfbundle; includeInIndex = 0; path = practiveTests.xctest; sourceTree = BUILT_PRODUCTS_DIR; };
		484E6157202206AB0028F04D /* practiveTests.swift */ = {isa = PBXFileReference; lastKnownFileType = sourcecode.swift; path = practiveTests.swift; sourceTree = "<group>"; };
		484E6159202206AB0028F04D /* Info.plist */ = {isa = PBXFileReference; lastKnownFileType = text.plist.xml; path = Info.plist; sourceTree = "<group>"; };
		484E615E202206AB0028F04D /* practiveUITests.xctest */ = {isa = PBXFileReference; explicitFileType = wrapper.cfbundle; includeInIndex = 0; path = practiveUITests.xctest; sourceTree = BUILT_PRODUCTS_DIR; };
		484E6162202206AB0028F04D /* practiveUITests.swift */ = {isa = PBXFileReference; lastKnownFileType = sourcecode.swift; path = practiveUITests.swift; sourceTree = "<group>"; };
		484E6164202206AB0028F04D /* Info.plist */ = {isa = PBXFileReference; lastKnownFileType = text.plist.xml; path = Info.plist; sourceTree = "<group>"; };
/* End PBXFileReference section */

/* Begin PBXFrameworksBuildPhase section */
		484E613C202206AB0028F04D /* Frameworks */ = {
			isa = PBXFrameworksBuildPhase;
			buildActionMask = 2147483647;
			files = (
			);
			runOnlyForDeploymentPostprocessing = 0;
		};
		484E6150202206AB0028F04D /* Frameworks */ = {
			isa = PBXFrameworksBuildPhase;
			buildActionMask = 2147483647;
			files = (
			);
			runOnlyForDeploymentPostprocessing = 0;
		};
		484E615B202206AB0028F04D /* Frameworks */ = {
			isa = PBXFrameworksBuildPhase;
			buildActionMask = 2147483647;
			files = (
			);
			runOnlyForDeploymentPostprocessing = 0;
		};
/* End PBXFrameworksBuildPhase section */

/* Begin PBXGroup section */
		484E6136202206AB0028F04D = {
			isa = PBXGroup;
			children = (
				484E6141202206AB0028F04D /* practive */,
				484E6156202206AB0028F04D /* practiveTests */,
				484E6161202206AB0028F04D /* practiveUITests */,
				484E6140202206AB0028F04D /* Products */,
			);
			sourceTree = "<group>";
		};
		484E6140202206AB0028F04D /* Products */ = {
			isa = PBXGroup;
			children = (
				484E613F202206AB0028F04D /* practive.app */,
				484E6153202206AB0028F04D /* practiveTests.xctest */,
				484E615E202206AB0028F04D /* practiveUITests.xctest */,
			);
			name = Products;
			sourceTree = "<group>";
		};
		484E6141202206AB0028F04D /* practive */ = {
			isa = PBXGroup;
			children = (
				484E6142202206AB0028F04D /* AppDelegate.swift */,
				484E6144202206AB0028F04D /* ViewController.swift */,
				484E6146202206AB0028F04D /* Main.storyboard */,
				484E6149202206AB0028F04D /* Assets.xcassets */,
				484E614B202206AB0028F04D /* LaunchScreen.storyboard */,
				484E614E202206AB0028F04D /* Info.plist */,
			);
			path = practive;
			sourceTree = "<group>";
		};
		484E6156202206AB0028F04D /* practiveTests */ = {
			isa = PBXGroup;
			children = (
				484E6157202206AB0028F04D /* practiveTests.swift */,
				484E6159202206AB0028F04D /* Info.plist */,
			);
			path = practiveTests;
			sourceTree = "<group>";
		};
		484E6161202206AB0028F04D /* practiveUITests */ = {
			isa = PBXGroup;
			children = (
				484E6162202206AB0028F04D /* practiveUITests.swift */,
				484E6164202206AB0028F04D /* Info.plist */,
			);
			path = practiveUITests;
			sourceTree = "<group>";
		};
/* End PBXGroup section */

/* Begin PBXNativeTarget section */
		484E613E202206AB0028F04D /* practive */ = {
			isa = PBXNativeTarget;
			buildConfigurationList = 484E6167202206AB0028F04D /* Build configuration list for PBXNativeTarget "practive" */;
			buildPhases = (
				484E613B202206AB0028F04D /* Sources */,
				484E613C202206AB0028F04D /* Frameworks */,
				484E613D202206AB0028F04D /* Resources */,
			);
			buildRules = (
			);
			dependencies = (
			);
			name = practive;
			productName = practive;
			productReference = 484E613F202206AB0028F04D /* practive.app */;
			productType = "com.apple.product-type.application";
		};
		484E6152202206AB0028F04D /* practiveTests */ = {
			isa = PBXNativeTarget;
			buildConfigurationList = 484E616A202206AB0028F04D /* Build configuration list for PBXNativeTarget "practiveTests" */;
			buildPhases = (
				484E614F202206AB0028F04D /* Sources */,
				484E6150202206AB0028F04D /* Frameworks */,
				484E6151202206AB0028F04D /* Resources */,
			);
			buildRules = (
			);
			dependencies = (
				484E6155202206AB0028F04D /* PBXTargetDependency */,
			);
			name = practiveTests;
			productName = practiveTests;
			productReference = 484E6153202206AB0028F04D /* practiveTests.xctest */;
			productType = "com.apple.product-type.bundle.unit-test";
		};
		484E615D202206AB0028F04D /* practiveUITests */ = {
			isa = PBXNativeTarget;
			buildConfigurationList = 484E616D202206AB0028F04D /* Build configuration list for PBXNativeTarget "practiveUITests" */;
			buildPhases = (
				484E615A202206AB0028F04D /* Sources */,
				484E615B202206AB0028F04D /* Frameworks */,
				484E615C202206AB0028F04D /* Resources */,
			);
			buildRules = (
			);
			dependencies = (
				484E6160202206AB0028F04D /* PBXTargetDependency */,
			);
			name = practiveUITests;
			productName = practiveUITests;
			productReference = 484E615E202206AB0028F04D /* practiveUITests.xctest */;
			productType = "com.apple.product-type.bundle.ui-testing";
		};
/* End PBXNativeTarget section */

/* Begin PBXProject section */
		484E6137202206AB0028F04D /* Project object */ = {
			isa = PBXProject;
			attributes = {
				LastSwiftUpdateCheck = 0920;
				LastUpgradeCheck = 0920;
				ORGANIZATIONNAME = apple;
				TargetAttributes = {
					484E613E202206AB0028F04D = {
						CreatedOnToolsVersion = 9.2;
						ProvisioningStyle = Automatic;
					};
					484E6152202206AB0028F04D = {
						CreatedOnToolsVersion = 9.2;
						ProvisioningStyle = Automatic;
						TestTargetID = 484E613E202206AB0028F04D;
					};
					484E615D202206AB0028F04D = {
						CreatedOnToolsVersion = 9.2;
						ProvisioningStyle = Automatic;
						TestTargetID = 484E613E202206AB0028F04D;
					};
				};
			};
			buildConfigurationList = 484E613A202206AB0028F04D /* Build configuration list for PBXProject "practive" */;
			compatibilityVersion = "Xcode 8.0";
			developmentRegion = en;
			hasScannedForEncodings = 0;
			knownRegions = (
				en,
				Base,
			);
			mainGroup = 484E6136202206AB0028F04D;
			productRefGroup = 484E6140202206AB0028F04D /* Products */;
			projectDirPath = "";
			projectRoot = "";
			targets = (
				484E613E202206AB0028F04D /* practive */,
				484E6152202206AB0028F04D /* practiveTests */,
				484E615D202206AB0028F04D /* practiveUITests */,
			);
		};
/* End PBXProject section */

/* Begin PBXResourcesBuildPhase section */
		484E613D202206AB0028F04D /* Resources */ = {
			isa = PBXResourcesBuildPhase;
			buildActionMask = 2147483647;
			files = (
				484E614D202206AB0028F04D /* LaunchScreen.storyboard in Resources */,
				484E614A202206AB0028F04D /* Assets.xcassets in Resources */,
				484E6148202206AB0028F04D /* Main.storyboard in Resources */,
			);
			runOnlyForDeploymentPostprocessing = 0;
		};
		484E6151202206AB0028F04D /* Resources */ = {
			isa = PBXResourcesBuildPhase;
			buildActionMask = 2147483647;
			files = (
			);
			runOnlyForDeploymentPostprocessing = 0;
		};
		484E615C202206AB0028F04D /* Resources */ = {
			isa = PBXResourcesBuildPhase;
			buildActionMask = 2147483647;
			files = (
			);
			runOnlyForDeploymentPostprocessing = 0;
		};
/* End PBXResourcesBuildPhase section */

/* Begin PBXSourcesBuildPhase section */
		484E613B202206AB0028F04D /* Sources */ = {
			isa = PBXSourcesBuildPhase;
			buildActionMask = 2147483647;
			files = (
				484E6145202206AB0028F04D /* ViewController.swift in Sources */,
				484E6143202206AB0028F04D /* AppDelegate.swift in Sources */,
			);
			runOnlyForDeploymentPostprocessing = 0;
		};
		484E614F202206AB0028F04D /* Sources */ = {
			isa = PBXSourcesBuildPhase;
			buildActionMask = 2147483647;
			files = (
				484E6158202206AB0028F04D /* practiveTests.swift in Sources */,
			);
			runOnlyForDeploymentPostprocessing = 0;
		};
		484E615A202206AB0028F04D /* Sources */ = {
			isa = PBXSourcesBuildPhase;
			buildActionMask = 2147483647;
			files = (
				484E6163202206AB0028F04D /* practiveUITests.swift in Sources */,
			);
			runOnlyForDeploymentPostprocessing = 0;
		};
/* End PBXSourcesBuildPhase section */

/* Begin PBXTargetDependency section */
		484E6155202206AB0028F04D /* PBXTargetDependency */ = {
			isa = PBXTargetDependency;
			target = 484E613E202206AB0028F04D /* practive */;
			targetProxy = 484E6154202206AB0028F04D /* PBXContainerItemProxy */;
		};
		484E6160202206AB0028F04D /* PBXTargetDependency */ = {
			isa = PBXTargetDependency;
			target = 484E613E202206AB0028F04D /* practive */;
			targetProxy = 484E615F202206AB0028F04D /* PBXContainerItemProxy */;
		};
/* End PBXTargetDependency section */

/* Begin PBXVariantGroup section */
		484E6146202206AB0028F04D /* Main.storyboard */ = {
			isa = PBXVariantGroup;
			children = (
				484E6147202206AB0028F04D /* Base */,
			);
			name = Main.storyboard;
			sourceTree = "<group>";
		};
		484E614B202206AB0028F04D /* LaunchScreen.storyboard */ = {
			isa = PBXVariantGroup;
			children = (
				484E614C202206AB0028F04D /* Base */,
			);
			name = LaunchScreen.storyboard;
			sourceTree = "<group>";
		};
/* End PBXVariantGroup section */

/* Begin XCBuildConfiguration section */
		484E6165202206AB0028F04D /* Debug */ = {
			isa = XCBuildConfiguration;
			buildSettings = {
				ALWAYS_SEARCH_USER_PATHS = NO;
				CLANG_ANALYZER_NONNULL = YES;
				CLANG_ANALYZER_NUMBER_OBJECT_CONVERSION = YES_AGGRESSIVE;
				CLANG_CXX_LANGUAGE_STANDARD = "gnu++14";
				CLANG_CXX_LIBRARY = "libc++";
				CLANG_ENABLE_MODULES = YES;
				CLANG_ENABLE_OBJC_ARC = YES;
				CLANG_WARN_BLOCK_CAPTURE_AUTORELEASING = YES;
				CLANG_WARN_BOOL_CONVERSION = YES;
				CLANG_WARN_COMMA = YES;
				CLANG_WARN_CONSTANT_CONVERSION = YES;
				CLANG_WARN_DIRECT_OBJC_ISA_USAGE = YES_ERROR;
				CLANG_WARN_DOCUMENTATION_COMMENTS = YES;
				CLANG_WARN_EMPTY_BODY = YES;
				CLANG_WARN_ENUM_CONVERSION = YES;
				CLANG_WARN_INFINITE_RECURSION = YES;
				CLANG_WARN_INT_CONVERSION = YES;
				CLANG_WARN_NON_LITERAL_NULL_CONVERSION = YES;
				CLANG_WARN_OBJC_LITERAL_CONVERSION = YES;
				CLANG_WARN_OBJC_ROOT_CLASS = YES_ERROR;
				CLANG_WARN_RANGE_LOOP_ANALYSIS = YES;
				CLANG_WARN_STRICT_PROTOTYPES = YES;
				CLANG_WARN_SUSPICIOUS_MOVE = YES;
				CLANG_WARN_UNGUARDED_AVAILABILITY = YES_AGGRESSIVE;
				CLANG_WARN_UNREACHABLE_CODE = YES;
				CLANG_WARN__DUPLICATE_METHOD_MATCH = YES;
				CODE_SIGN_IDENTITY = "iPhone Developer";
				COPY_PHASE_STRIP = NO;
				DEBUG_INFORMATION_FORMAT = dwarf;
				ENABLE_STRICT_OBJC_MSGSEND = YES;
				ENABLE_TESTABILITY = YES;
				GCC_C_LANGUAGE_STANDARD = gnu11;
				GCC_DYNAMIC_NO_PIC = NO;
				GCC_NO_COMMON_BLOCKS = YES;
				GCC_OPTIMIZATION_LEVEL = 0;
				GCC_PREPROCESSOR_DEFINITIONS = (
					"DEBUG=1",
					"$(inherited)",
				);
				GCC_WARN_64_TO_32_BIT_CONVERSION = YES;
				GCC_WARN_ABOUT_RETURN_TYPE = YES_ERROR;
				GCC_WARN_UNDECLARED_SELECTOR = YES;
				GCC_WARN_UNINITIALIZED_AUTOS = YES_AGGRESSIVE;
				GCC_WARN_UNUSED_FUNCTION = YES;
				GCC_WARN_UNUSED_VARIABLE = YES;
				IPHONEOS_DEPLOYMENT_TARGET = 11.2;
				MTL_ENABLE_DEBUG_INFO = YES;
				ONLY_ACTIVE_ARCH = YES;
				SDKROOT = iphoneos;
				SWIFT_ACTIVE_COMPILATION_CONDITIONS = DEBUG;
				SWIFT_OPTIMIZATION_LEVEL = "-Onone";
			};
			name = Debug;
		};
		484E6166202206AB0028F04D /* Release */ = {
			isa = XCBuildConfiguration;
			buildSettings = {
				ALWAYS_SEARCH_USER_PATHS = NO;
				CLANG_ANALYZER_NONNULL = YES;
				CLANG_ANALYZER_NUMBER_OBJECT_CONVERSION = YES_AGGRESSIVE;
				CLANG_CXX_LANGUAGE_STANDARD = "gnu++14";
				CLANG_CXX_LIBRARY = "libc++";
				CLANG_ENABLE_MODULES = YES;
				CLANG_ENABLE_OBJC_ARC = YES;
				CLANG_WARN_BLOCK_CAPTURE_AUTORELEASING = YES;
				CLANG_WARN_BOOL_CONVERSION = YES;
				CLANG_WARN_COMMA = YES;
				CLANG_WARN_CONSTANT_CONVERSION = YES;
				CLANG_WARN_DIRECT_OBJC_ISA_USAGE = YES_ERROR;
				CLANG_WARN_DOCUMENTATION_COMMENTS = YES;
				CLANG_WARN_EMPTY_BODY = YES;
				CLANG_WARN_ENUM_CONVERSION = YES;
				CLANG_WARN_INFINITE_RECURSION = YES;
				CLANG_WARN_INT_CONVERSION = YES;
				CLANG_WARN_NON_LITERAL_NULL_CONVERSION = YES;
				CLANG_WARN_OBJC_LITERAL_CONVERSION = YES;
				CLANG_WARN_OBJC_ROOT_CLASS = YES_ERROR;
				CLANG_WARN_RANGE_LOOP_ANALYSIS = YES;
				CLANG_WARN_STRICT_PROTOTYPES = YES;
				CLANG_WARN_SUSPICIOUS_MOVE = YES;
				CLANG_WARN_UNGUARDED_AVAILABILITY = YES_AGGRESSIVE;
				CLANG_WARN_UNREACHABLE_CODE = YES;
				CLANG_WARN__DUPLICATE_METHOD_MATCH = YES;
				CODE_SIGN_IDENTITY = "iPhone Developer";
				COPY_PHASE_STRIP = NO;
				DEBUG_INFORMATION_FORMAT = "dwarf-with-dsym";
				ENABLE_NS_ASSERTIONS = NO;
				ENABLE_STRICT_OBJC_MSGSEND = YES;
				GCC_C_LANGUAGE_STANDARD = gnu11;
				GCC_NO_COMMON_BLOCKS = YES;
				GCC_WARN_64_TO_32_BIT_CONVERSION = YES;
				GCC_WARN_ABOUT_RETURN_TYPE = YES_ERROR;
				GCC_WARN_UNDECLARED_SELECTOR = YES;
				GCC_WARN_UNINITIALIZED_AUTOS = YES_AGGRESSIVE;
				GCC_WARN_UNUSED_FUNCTION = YES;
				GCC_WARN_UNUSED_VARIABLE = YES;
				IPHONEOS_DEPLOYMENT_TARGET = 11.2;
				MTL_ENABLE_DEBUG_INFO = NO;
				SDKROOT = iphoneos;
				SWIFT_OPTIMIZATION_LEVEL = "-Owholemodule";
				VALIDATE_PRODUCT = YES;
			};
			name = Release;
		};
		484E6168202206AB0028F04D /* Debug */ = {
			isa = XCBuildConfiguration;
			buildSettings = {
				ASSETCATALOG_COMPILER_APPICON_NAME = AppIcon;
				CODE_SIGN_STYLE = Automatic;
				DEVELOPMENT_TEAM = GCCHGD89G4;
				INFOPLIST_FILE = practive/Info.plist;
				LD_RUNPATH_SEARCH_PATHS = "$(inherited) @executable_path/Frameworks";
				PRODUCT_BUNDLE_IDENTIFIER = com.hedspi.k60c.practive;
				PRODUCT_NAME = "$(TARGET_NAME)";
				SWIFT_VERSION = 4.0;
				TARGETED_DEVICE_FAMILY = "1,2";
			};
			name = Debug;
		};
		484E6169202206AB0028F04D /* Release */ = {
			isa = XCBuildConfiguration;
			buildSettings = {
				ASSETCATALOG_COMPILER_APPICON_NAME = AppIcon;
				CODE_SIGN_STYLE = Automatic;
				DEVELOPMENT_TEAM = GCCHGD89G4;
				INFOPLIST_FILE = practive/Info.plist;
				LD_RUNPATH_SEARCH_PATHS = "$(inherited) @executable_path/Frameworks";
				PRODUCT_BUNDLE_IDENTIFIER = com.hedspi.k60c.practive;
				PRODUCT_NAME = "$(TARGET_NAME)";
				SWIFT_VERSION = 4.0;
				TARGETED_DEVICE_FAMILY = "1,2";
			};
			name = Release;
		};
		484E616B202206AB0028F04D /* Debug */ = {
			isa = XCBuildConfiguration;
			buildSettings = {
				ALWAYS_EMBED_SWIFT_STANDARD_LIBRARIES = YES;
				BUNDLE_LOADER = "$(TEST_HOST)";
				CODE_SIGN_STYLE = Automatic;
				DEVELOPMENT_TEAM = GCCHGD89G4;
				INFOPLIST_FILE = practiveTests/Info.plist;
				LD_RUNPATH_SEARCH_PATHS = "$(inherited) @executable_path/Frameworks @loader_path/Frameworks";
				PRODUCT_BUNDLE_IDENTIFIER = com.hedspi.k60c.practiveTests;
				PRODUCT_NAME = "$(TARGET_NAME)";
				SWIFT_VERSION = 4.0;
				TARGETED_DEVICE_FAMILY = "1,2";
				TEST_HOST = "$(BUILT_PRODUCTS_DIR)/practive.app/practive";
			};
			name = Debug;
		};
		484E616C202206AB0028F04D /* Release */ = {
			isa = XCBuildConfiguration;
			buildSettings = {
				ALWAYS_EMBED_SWIFT_STANDARD_LIBRARIES = YES;
				BUNDLE_LOADER = "$(TEST_HOST)";
				CODE_SIGN_STYLE = Automatic;
				DEVELOPMENT_TEAM = GCCHGD89G4;
				INFOPLIST_FILE = practiveTests/Info.plist;
				LD_RUNPATH_SEARCH_PATHS = "$(inherited) @executable_path/Frameworks @loader_path/Frameworks";
				PRODUCT_BUNDLE_IDENTIFIER = com.hedspi.k60c.practiveTests;
				PRODUCT_NAME = "$(TARGET_NAME)";
				SWIFT_VERSION = 4.0;
				TARGETED_DEVICE_FAMILY = "1,2";
				TEST_HOST = "$(BUILT_PRODUCTS_DIR)/practive.app/practive";
			};
			name = Release;
		};
		484E616E202206AB0028F04D /* Debug */ = {
			isa = XCBuildConfiguration;
			buildSettings = {
				ALWAYS_EMBED_SWIFT_STANDARD_LIBRARIES = YES;
				CODE_SIGN_STYLE = Automatic;
				DEVELOPMENT_TEAM = GCCHGD89G4;
				INFOPLIST_FILE = practiveUITests/Info.plist;
				LD_RUNPATH_SEARCH_PATHS = "$(inherited) @executable_path/Frameworks @loader_path/Frameworks";
				PRODUCT_BUNDLE_IDENTIFIER = com.hedspi.k60c.practiveUITests;
				PRODUCT_NAME = "$(TARGET_NAME)";
				SWIFT_VERSION = 4.0;
				TARGETED_DEVICE_FAMILY = "1,2";
				TEST_TARGET_NAME = practive;
			};
			name = Debug;
		};
		484E616F202206AB0028F04D /* Release */ = {
			isa = XCBuildConfiguration;
			buildSettings = {
				ALWAYS_EMBED_SWIFT_STANDARD_LIBRARIES = YES;
				CODE_SIGN_STYLE = Automatic;
				DEVELOPMENT_TEAM = GCCHGD89G4;
				INFOPLIST_FILE = practiveUITests/Info.plist;
				LD_RUNPATH_SEARCH_PATHS = "$(inherited) @executable_path/Frameworks @loader_path/Frameworks";
				PRODUCT_BUNDLE_IDENTIFIER = com.hedspi.k60c.practiveUITests;
				PRODUCT_NAME = "$(TARGET_NAME)";
				SWIFT_VERSION = 4.0;
				TARGETED_DEVICE_FAMILY = "1,2";
				TEST_TARGET_NAME = practive;
			};
			name = Release;
		};
/* End XCBuildConfiguration section */

/* Begin XCConfigurationList section */
		484E613A202206AB0028F04D /* Build configuration list for PBXProject "practive" */ = {
			isa = XCConfigurationList;
			buildConfigurations = (
				484E6165202206AB0028F04D /* Debug */,
				484E6166202206AB0028F04D /* Release */,
			);
			defaultConfigurationIsVisible = 0;
			defaultConfigurationName = Release;
		};
		484E6167202206AB0028F04D /* Build configuration list for PBXNativeTarget "practive" */ = {
			isa = XCConfigurationList;
			buildConfigurations = (
				484E6168202206AB0028F04D /* Debug */,
				484E6169202206AB0028F04D /* Release */,
			);
			defaultConfigurationIsVisible = 0;
			defaultConfigurationName = Release;
		};
		484E616A202206AB0028F04D /* Build configuration list for PBXNativeTarget "practiveTests" */ = {
			isa = XCConfigurationList;
			buildConfigurations = (
				484E616B202206AB0028F04D /* Debug */,
				484E616C202206AB0028F04D /* Release */,
			);
			defaultConfigurationIsVisible = 0;
			defaultConfigurationName = Release;
		};
		484E616D202206AB0028F04D /* Build configuration list for PBXNativeTarget "practiveUITests" */ = {
			isa = XCConfigurationList;
			buildConfigurations = (
				484E616E202206AB0028F04D /* Debug */,
				484E616F202206AB0028F04D /* Release */,
			);
			defaultConfigurationIsVisible = 0;
			defaultConfigurationName = Release;
		};
/* End XCConfigurationList section */
	};
	rootObject = 484E6137202206AB0028F04D /* Project object */;
}
