// !$*UTF8*$!
{
	archiveVersion = 1;
	classes = {
	};
	objectVersion = 48;
	objects = {

/* Begin PBXBuildFile section */
		4800FF1D2020D328001D05D5 /* AppDelegate.swift in Sources */ = {isa = PBXBuildFile; fileRef = 4800FF1C2020D328001D05D5 /* AppDelegate.swift */; };
		4800FF1F2020D328001D05D5 /* ViewController.swift in Sources */ = {isa = PBXBuildFile; fileRef = 4800FF1E2020D328001D05D5 /* ViewController.swift */; };
		4800FF222020D328001D05D5 /* Main.storyboard in Resources */ = {isa = PBXBuildFile; fileRef = 4800FF202020D328001D05D5 /* Main.storyboard */; };
		4800FF242020D328001D05D5 /* Assets.xcassets in Resources */ = {isa = PBXBuildFile; fileRef = 4800FF232020D328001D05D5 /* Assets.xcassets */; };
		4800FF272020D328001D05D5 /* LaunchScreen.storyboard in Resources */ = {isa = PBXBuildFile; fileRef = 4800FF252020D328001D05D5 /* LaunchScreen.storyboard */; };
		4800FF322020D328001D05D5 /* chuyenMHTests.swift in Sources */ = {isa = PBXBuildFile; fileRef = 4800FF312020D328001D05D5 /* chuyenMHTests.swift */; };
		4800FF3D2020D328001D05D5 /* chuyenMHUITests.swift in Sources */ = {isa = PBXBuildFile; fileRef = 4800FF3C2020D328001D05D5 /* chuyenMHUITests.swift */; };
		4800FF4B2020D34C001D05D5 /* manHinh2.swift in Sources */ = {isa = PBXBuildFile; fileRef = 4800FF4A2020D34C001D05D5 /* manHinh2.swift */; };
/* End PBXBuildFile section */

/* Begin PBXContainerItemProxy section */
		4800FF2E2020D328001D05D5 /* PBXContainerItemProxy */ = {
			isa = PBXContainerItemProxy;
			containerPortal = 4800FF112020D328001D05D5 /* Project object */;
			proxyType = 1;
			remoteGlobalIDString = 4800FF182020D328001D05D5;
			remoteInfo = chuyenMH;
		};
		4800FF392020D328001D05D5 /* PBXContainerItemProxy */ = {
			isa = PBXContainerItemProxy;
			containerPortal = 4800FF112020D328001D05D5 /* Project object */;
			proxyType = 1;
			remoteGlobalIDString = 4800FF182020D328001D05D5;
			remoteInfo = chuyenMH;
		};
/* End PBXContainerItemProxy section */

/* Begin PBXFileReference section */
		4800FF192020D328001D05D5 /* chuyenMH.app */ = {isa = PBXFileReference; explicitFileType = wrapper.application; includeInIndex = 0; path = chuyenMH.app; sourceTree = BUILT_PRODUCTS_DIR; };
		4800FF1C2020D328001D05D5 /* AppDelegate.swift */ = {isa = PBXFileReference; lastKnownFileType = sourcecode.swift; path = AppDelegate.swift; sourceTree = "<group>"; };
		4800FF1E2020D328001D05D5 /* ViewController.swift */ = {isa = PBXFileReference; lastKnownFileType = sourcecode.swift; path = ViewController.swift; sourceTree = "<group>"; };
		4800FF212020D328001D05D5 /* Base */ = {isa = PBXFileReference; lastKnownFileType = file.storyboard; name = Base; path = Base.lproj/Main.storyboard; sourceTree = "<group>"; };
		4800FF232020D328001D05D5 /* Assets.xcassets */ = {isa = PBXFileReference; lastKnownFileType = folder.assetcatalog; path = Assets.xcassets; sourceTree = "<group>"; };
		4800FF262020D328001D05D5 /* Base */ = {isa = PBXFileReference; lastKnownFileType = file.storyboard; name = Base; path = Base.lproj/LaunchScreen.storyboard; sourceTree = "<group>"; };
		4800FF282020D328001D05D5 /* Info.plist */ = {isa = PBXFileReference; lastKnownFileType = text.plist.xml; path = Info.plist; sourceTree = "<group>"; };
		4800FF2D2020D328001D05D5 /* chuyenMHTests.xctest */ = {isa = PBXFileReference; explicitFileType = wrapper.cfbundle; includeInIndex = 0; path = chuyenMHTests.xctest; sourceTree = BUILT_PRODUCTS_DIR; };
		4800FF312020D328001D05D5 /* chuyenMHTests.swift */ = {isa = PBXFileReference; lastKnownFileType = sourcecode.swift; path = chuyenMHTests.swift; sourceTree = "<group>"; };
		4800FF332020D328001D05D5 /* Info.plist */ = {isa = PBXFileReference; lastKnownFileType = text.plist.xml; path = Info.plist; sourceTree = "<group>"; };
		4800FF382020D328001D05D5 /* chuyenMHUITests.xctest */ = {isa = PBXFileReference; explicitFileType = wrapper.cfbundle; includeInIndex = 0; path = chuyenMHUITests.xctest; sourceTree = BUILT_PRODUCTS_DIR; };
		4800FF3C2020D328001D05D5 /* chuyenMHUITests.swift */ = {isa = PBXFileReference; lastKnownFileType = sourcecode.swift; path = chuyenMHUITests.swift; sourceTree = "<group>"; };
		4800FF3E2020D328001D05D5 /* Info.plist */ = {isa = PBXFileReference; lastKnownFileType = text.plist.xml; path = Info.plist; sourceTree = "<group>"; };
		4800FF4A2020D34C001D05D5 /* manHinh2.swift */ = {isa = PBXFileReference; lastKnownFileType = sourcecode.swift; path = manHinh2.swift; sourceTree = "<group>"; };
/* End PBXFileReference section */

/* Begin PBXFrameworksBuildPhase section */
		4800FF162020D328001D05D5 /* Frameworks */ = {
			isa = PBXFrameworksBuildPhase;
			buildActionMask = 2147483647;
			files = (
			);
			runOnlyForDeploymentPostprocessing = 0;
		};
		4800FF2A2020D328001D05D5 /* Frameworks */ = {
			isa = PBXFrameworksBuildPhase;
			buildActionMask = 2147483647;
			files = (
			);
			runOnlyForDeploymentPostprocessing = 0;
		};
		4800FF352020D328001D05D5 /* Frameworks */ = {
			isa = PBXFrameworksBuildPhase;
			buildActionMask = 2147483647;
			files = (
			);
			runOnlyForDeploymentPostprocessing = 0;
		};
/* End PBXFrameworksBuildPhase section */

/* Begin PBXGroup section */
		4800FF102020D328001D05D5 = {
			isa = PBXGroup;
			children = (
				4800FF1B2020D328001D05D5 /* chuyenMH */,
				4800FF302020D328001D05D5 /* chuyenMHTests */,
				4800FF3B2020D328001D05D5 /* chuyenMHUITests */,
				4800FF1A2020D328001D05D5 /* Products */,
			);
			sourceTree = "<group>";
		};
		4800FF1A2020D328001D05D5 /* Products */ = {
			isa = PBXGroup;
			children = (
				4800FF192020D328001D05D5 /* chuyenMH.app */,
				4800FF2D2020D328001D05D5 /* chuyenMHTests.xctest */,
				4800FF382020D328001D05D5 /* chuyenMHUITests.xctest */,
			);
			name = Products;
			sourceTree = "<group>";
		};
		4800FF1B2020D328001D05D5 /* chuyenMH */ = {
			isa = PBXGroup;
			children = (
				4800FF1C2020D328001D05D5 /* AppDelegate.swift */,
				4800FF1E2020D328001D05D5 /* ViewController.swift */,
				4800FF202020D328001D05D5 /* Main.storyboard */,
				4800FF232020D328001D05D5 /* Assets.xcassets */,
				4800FF252020D328001D05D5 /* LaunchScreen.storyboard */,
				4800FF282020D328001D05D5 /* Info.plist */,
				4800FF4A2020D34C001D05D5 /* manHinh2.swift */,
			);
			path = chuyenMH;
			sourceTree = "<group>";
		};
		4800FF302020D328001D05D5 /* chuyenMHTests */ = {
			isa = PBXGroup;
			children = (
				4800FF312020D328001D05D5 /* chuyenMHTests.swift */,
				4800FF332020D328001D05D5 /* Info.plist */,
			);
			path = chuyenMHTests;
			sourceTree = "<group>";
		};
		4800FF3B2020D328001D05D5 /* chuyenMHUITests */ = {
			isa = PBXGroup;
			children = (
				4800FF3C2020D328001D05D5 /* chuyenMHUITests.swift */,
				4800FF3E2020D328001D05D5 /* Info.plist */,
			);
			path = chuyenMHUITests;
			sourceTree = "<group>";
		};
/* End PBXGroup section */

/* Begin PBXNativeTarget section */
		4800FF182020D328001D05D5 /* chuyenMH */ = {
			isa = PBXNativeTarget;
			buildConfigurationList = 4800FF412020D328001D05D5 /* Build configuration list for PBXNativeTarget "chuyenMH" */;
			buildPhases = (
				4800FF152020D328001D05D5 /* Sources */,
				4800FF162020D328001D05D5 /* Frameworks */,
				4800FF172020D328001D05D5 /* Resources */,
			);
			buildRules = (
			);
			dependencies = (
			);
			name = chuyenMH;
			productName = chuyenMH;
			productReference = 4800FF192020D328001D05D5 /* chuyenMH.app */;
			productType = "com.apple.product-type.application";
		};
		4800FF2C2020D328001D05D5 /* chuyenMHTests */ = {
			isa = PBXNativeTarget;
			buildConfigurationList = 4800FF442020D328001D05D5 /* Build configuration list for PBXNativeTarget "chuyenMHTests" */;
			buildPhases = (
				4800FF292020D328001D05D5 /* Sources */,
				4800FF2A2020D328001D05D5 /* Frameworks */,
				4800FF2B2020D328001D05D5 /* Resources */,
			);
			buildRules = (
			);
			dependencies = (
				4800FF2F2020D328001D05D5 /* PBXTargetDependency */,
			);
			name = chuyenMHTests;
			productName = chuyenMHTests;
			productReference = 4800FF2D2020D328001D05D5 /* chuyenMHTests.xctest */;
			productType = "com.apple.product-type.bundle.unit-test";
		};
		4800FF372020D328001D05D5 /* chuyenMHUITests */ = {
			isa = PBXNativeTarget;
			buildConfigurationList = 4800FF472020D328001D05D5 /* Build configuration list for PBXNativeTarget "chuyenMHUITests" */;
			buildPhases = (
				4800FF342020D328001D05D5 /* Sources */,
				4800FF352020D328001D05D5 /* Frameworks */,
				4800FF362020D328001D05D5 /* Resources */,
			);
			buildRules = (
			);
			dependencies = (
				4800FF3A2020D328001D05D5 /* PBXTargetDependency */,
			);
			name = chuyenMHUITests;
			productName = chuyenMHUITests;
			productReference = 4800FF382020D328001D05D5 /* chuyenMHUITests.xctest */;
			productType = "com.apple.product-type.bundle.ui-testing";
		};
/* End PBXNativeTarget section */

/* Begin PBXProject section */
		4800FF112020D328001D05D5 /* Project object */ = {
			isa = PBXProject;
			attributes = {
				LastSwiftUpdateCheck = 0920;
				LastUpgradeCheck = 0920;
				ORGANIZATIONNAME = apple;
				TargetAttributes = {
					4800FF182020D328001D05D5 = {
						CreatedOnToolsVersion = 9.2;
						ProvisioningStyle = Automatic;
					};
					4800FF2C2020D328001D05D5 = {
						CreatedOnToolsVersion = 9.2;
						ProvisioningStyle = Automatic;
						TestTargetID = 4800FF182020D328001D05D5;
					};
					4800FF372020D328001D05D5 = {
						CreatedOnToolsVersion = 9.2;
						ProvisioningStyle = Automatic;
						TestTargetID = 4800FF182020D328001D05D5;
					};
				};
			};
			buildConfigurationList = 4800FF142020D328001D05D5 /* Build configuration list for PBXProject "chuyenMH" */;
			compatibilityVersion = "Xcode 8.0";
			developmentRegion = en;
			hasScannedForEncodings = 0;
			knownRegions = (
				en,
				Base,
			);
			mainGroup = 4800FF102020D328001D05D5;
			productRefGroup = 4800FF1A2020D328001D05D5 /* Products */;
			projectDirPath = "";
			projectRoot = "";
			targets = (
				4800FF182020D328001D05D5 /* chuyenMH */,
				4800FF2C2020D328001D05D5 /* chuyenMHTests */,
				4800FF372020D328001D05D5 /* chuyenMHUITests */,
			);
		};
/* End PBXProject section */

/* Begin PBXResourcesBuildPhase section */
		4800FF172020D328001D05D5 /* Resources */ = {
			isa = PBXResourcesBuildPhase;
			buildActionMask = 2147483647;
			files = (
				4800FF272020D328001D05D5 /* LaunchScreen.storyboard in Resources */,
				4800FF242020D328001D05D5 /* Assets.xcassets in Resources */,
				4800FF222020D328001D05D5 /* Main.storyboard in Resources */,
			);
			runOnlyForDeploymentPostprocessing = 0;
		};
		4800FF2B2020D328001D05D5 /* Resources */ = {
			isa = PBXResourcesBuildPhase;
			buildActionMask = 2147483647;
			files = (
			);
			runOnlyForDeploymentPostprocessing = 0;
		};
		4800FF362020D328001D05D5 /* Resources */ = {
			isa = PBXResourcesBuildPhase;
			buildActionMask = 2147483647;
			files = (
			);
			runOnlyForDeploymentPostprocessing = 0;
		};
/* End PBXResourcesBuildPhase section */

/* Begin PBXSourcesBuildPhase section */
		4800FF152020D328001D05D5 /* Sources */ = {
			isa = PBXSourcesBuildPhase;
			buildActionMask = 2147483647;
			files = (
				4800FF1F2020D328001D05D5 /* ViewController.swift in Sources */,
				4800FF1D2020D328001D05D5 /* AppDelegate.swift in Sources */,
				4800FF4B2020D34C001D05D5 /* manHinh2.swift in Sources */,
			);
			runOnlyForDeploymentPostprocessing = 0;
		};
		4800FF292020D328001D05D5 /* Sources */ = {
			isa = PBXSourcesBuildPhase;
			buildActionMask = 2147483647;
			files = (
				4800FF322020D328001D05D5 /* chuyenMHTests.swift in Sources */,
			);
			runOnlyForDeploymentPostprocessing = 0;
		};
		4800FF342020D328001D05D5 /* Sources */ = {
			isa = PBXSourcesBuildPhase;
			buildActionMask = 2147483647;
			files = (
				4800FF3D2020D328001D05D5 /* chuyenMHUITests.swift in Sources */,
			);
			runOnlyForDeploymentPostprocessing = 0;
		};
/* End PBXSourcesBuildPhase section */

/* Begin PBXTargetDependency section */
		4800FF2F2020D328001D05D5 /* PBXTargetDependency */ = {
			isa = PBXTargetDependency;
			target = 4800FF182020D328001D05D5 /* chuyenMH */;
			targetProxy = 4800FF2E2020D328001D05D5 /* PBXContainerItemProxy */;
		};
		4800FF3A2020D328001D05D5 /* PBXTargetDependency */ = {
			isa = PBXTargetDependency;
			target = 4800FF182020D328001D05D5 /* chuyenMH */;
			targetProxy = 4800FF392020D328001D05D5 /* PBXContainerItemProxy */;
		};
/* End PBXTargetDependency section */

/* Begin PBXVariantGroup section */
		4800FF202020D328001D05D5 /* Main.storyboard */ = {
			isa = PBXVariantGroup;
			children = (
				4800FF212020D328001D05D5 /* Base */,
			);
			name = Main.storyboard;
			sourceTree = "<group>";
		};
		4800FF252020D328001D05D5 /* LaunchScreen.storyboard */ = {
			isa = PBXVariantGroup;
			children = (
				4800FF262020D328001D05D5 /* Base */,
			);
			name = LaunchScreen.storyboard;
			sourceTree = "<group>";
		};
/* End PBXVariantGroup section */

/* Begin XCBuildConfiguration section */
		4800FF3F2020D328001D05D5 /* Debug */ = {
			isa = XCBuildConfiguration;
			buildSettings = {
				ALWAYS_SEARCH_USER_PATHS = NO;
				CLANG_ANALYZER_NONNULL = YES;
				CLANG_ANALYZER_NUMBER_OBJECT_CONVERSION = YES_AGGRESSIVE;
				CLANG_CXX_LANGUAGE_STANDARD = "gnu++14";
				CLANG_CXX_LIBRARY = "libc++";
				CLANG_ENABLE_MODULES = YES;
				CLANG_ENABLE_OBJC_ARC = YES;
				CLANG_WARN_BLOCK_CAPTURE_AUTORELEASING = YES;
				CLANG_WARN_BOOL_CONVERSION = YES;
				CLANG_WARN_COMMA = YES;
				CLANG_WARN_CONSTANT_CONVERSION = YES;
				CLANG_WARN_DIRECT_OBJC_ISA_USAGE = YES_ERROR;
				CLANG_WARN_DOCUMENTATION_COMMENTS = YES;
				CLANG_WARN_EMPTY_BODY = YES;
				CLANG_WARN_ENUM_CONVERSION = YES;
				CLANG_WARN_INFINITE_RECURSION = YES;
				CLANG_WARN_INT_CONVERSION = YES;
				CLANG_WARN_NON_LITERAL_NULL_CONVERSION = YES;
				CLANG_WARN_OBJC_LITERAL_CONVERSION = YES;
				CLANG_WARN_OBJC_ROOT_CLASS = YES_ERROR;
				CLANG_WARN_RANGE_LOOP_ANALYSIS = YES;
				CLANG_WARN_STRICT_PROTOTYPES = YES;
				CLANG_WARN_SUSPICIOUS_MOVE = YES;
				CLANG_WARN_UNGUARDED_AVAILABILITY = YES_AGGRESSIVE;
				CLANG_WARN_UNREACHABLE_CODE = YES;
				CLANG_WARN__DUPLICATE_METHOD_MATCH = YES;
				CODE_SIGN_IDENTITY = "iPhone Developer";
				COPY_PHASE_STRIP = NO;
				DEBUG_INFORMATION_FORMAT = dwarf;
				ENABLE_STRICT_OBJC_MSGSEND = YES;
				ENABLE_TESTABILITY = YES;
				GCC_C_LANGUAGE_STANDARD = gnu11;
				GCC_DYNAMIC_NO_PIC = NO;
				GCC_NO_COMMON_BLOCKS = YES;
				GCC_OPTIMIZATION_LEVEL = 0;
				GCC_PREPROCESSOR_DEFINITIONS = (
					"DEBUG=1",
					"$(inherited)",
				);
				GCC_WARN_64_TO_32_BIT_CONVERSION = YES;
				GCC_WARN_ABOUT_RETURN_TYPE = YES_ERROR;
				GCC_WARN_UNDECLARED_SELECTOR = YES;
				GCC_WARN_UNINITIALIZED_AUTOS = YES_AGGRESSIVE;
				GCC_WARN_UNUSED_FUNCTION = YES;
				GCC_WARN_UNUSED_VARIABLE = YES;
				IPHONEOS_DEPLOYMENT_TARGET = 11.2;
				MTL_ENABLE_DEBUG_INFO = YES;
				ONLY_ACTIVE_ARCH = YES;
				SDKROOT = iphoneos;
				SWIFT_ACTIVE_COMPILATION_CONDITIONS = DEBUG;
				SWIFT_OPTIMIZATION_LEVEL = "-Onone";
			};
			name = Debug;
		};
		4800FF402020D328001D05D5 /* Release */ = {
			isa = XCBuildConfiguration;
			buildSettings = {
				ALWAYS_SEARCH_USER_PATHS = NO;
				CLANG_ANALYZER_NONNULL = YES;
				CLANG_ANALYZER_NUMBER_OBJECT_CONVERSION = YES_AGGRESSIVE;
				CLANG_CXX_LANGUAGE_STANDARD = "gnu++14";
				CLANG_CXX_LIBRARY = "libc++";
				CLANG_ENABLE_MODULES = YES;
				CLANG_ENABLE_OBJC_ARC = YES;
				CLANG_WARN_BLOCK_CAPTURE_AUTORELEASING = YES;
				CLANG_WARN_BOOL_CONVERSION = YES;
				CLANG_WARN_COMMA = YES;
				CLANG_WARN_CONSTANT_CONVERSION = YES;
				CLANG_WARN_DIRECT_OBJC_ISA_USAGE = YES_ERROR;
				CLANG_WARN_DOCUMENTATION_COMMENTS = YES;
				CLANG_WARN_EMPTY_BODY = YES;
				CLANG_WARN_ENUM_CONVERSION = YES;
				CLANG_WARN_INFINITE_RECURSION = YES;
				CLANG_WARN_INT_CONVERSION = YES;
				CLANG_WARN_NON_LITERAL_NULL_CONVERSION = YES;
				CLANG_WARN_OBJC_LITERAL_CONVERSION = YES;
				CLANG_WARN_OBJC_ROOT_CLASS = YES_ERROR;
				CLANG_WARN_RANGE_LOOP_ANALYSIS = YES;
				CLANG_WARN_STRICT_PROTOTYPES = YES;
				CLANG_WARN_SUSPICIOUS_MOVE = YES;
				CLANG_WARN_UNGUARDED_AVAILABILITY = YES_AGGRESSIVE;
				CLANG_WARN_UNREACHABLE_CODE = YES;
				CLANG_WARN__DUPLICATE_METHOD_MATCH = YES;
				CODE_SIGN_IDENTITY = "iPhone Developer";
				COPY_PHASE_STRIP = NO;
				DEBUG_INFORMATION_FORMAT = "dwarf-with-dsym";
				ENABLE_NS_ASSERTIONS = NO;
				ENABLE_STRICT_OBJC_MSGSEND = YES;
				GCC_C_LANGUAGE_STANDARD = gnu11;
				GCC_NO_COMMON_BLOCKS = YES;
				GCC_WARN_64_TO_32_BIT_CONVERSION = YES;
				GCC_WARN_ABOUT_RETURN_TYPE = YES_ERROR;
				GCC_WARN_UNDECLARED_SELECTOR = YES;
				GCC_WARN_UNINITIALIZED_AUTOS = YES_AGGRESSIVE;
				GCC_WARN_UNUSED_FUNCTION = YES;
				GCC_WARN_UNUSED_VARIABLE = YES;
				IPHONEOS_DEPLOYMENT_TARGET = 11.2;
				MTL_ENABLE_DEBUG_INFO = NO;
				SDKROOT = iphoneos;
				SWIFT_OPTIMIZATION_LEVEL = "-Owholemodule";
				VALIDATE_PRODUCT = YES;
			};
			name = Release;
		};
		4800FF422020D328001D05D5 /* Debug */ = {
			isa = XCBuildConfiguration;
			buildSettings = {
				ASSETCATALOG_COMPILER_APPICON_NAME = AppIcon;
				CODE_SIGN_STYLE = Automatic;
				DEVELOPMENT_TEAM = GCCHGD89G4;
				INFOPLIST_FILE = chuyenMH/Info.plist;
				LD_RUNPATH_SEARCH_PATHS = "$(inherited) @executable_path/Frameworks";
				PRODUCT_BUNDLE_IDENTIFIER = com.hedspi.k60c.chuyenMH;
				PRODUCT_NAME = "$(TARGET_NAME)";
				SWIFT_VERSION = 4.0;
				TARGETED_DEVICE_FAMILY = "1,2";
			};
			name = Debug;
		};
		4800FF432020D328001D05D5 /* Release */ = {
			isa = XCBuildConfiguration;
			buildSettings = {
				ASSETCATALOG_COMPILER_APPICON_NAME = AppIcon;
				CODE_SIGN_STYLE = Automatic;
				DEVELOPMENT_TEAM = GCCHGD89G4;
				INFOPLIST_FILE = chuyenMH/Info.plist;
				LD_RUNPATH_SEARCH_PATHS = "$(inherited) @executable_path/Frameworks";
				PRODUCT_BUNDLE_IDENTIFIER = com.hedspi.k60c.chuyenMH;
				PRODUCT_NAME = "$(TARGET_NAME)";
				SWIFT_VERSION = 4.0;
				TARGETED_DEVICE_FAMILY = "1,2";
			};
			name = Release;
		};
		4800FF452020D328001D05D5 /* Debug */ = {
			isa = XCBuildConfiguration;
			buildSettings = {
				ALWAYS_EMBED_SWIFT_STANDARD_LIBRARIES = YES;
				BUNDLE_LOADER = "$(TEST_HOST)";
				CODE_SIGN_STYLE = Automatic;
				DEVELOPMENT_TEAM = GCCHGD89G4;
				INFOPLIST_FILE = chuyenMHTests/Info.plist;
				LD_RUNPATH_SEARCH_PATHS = "$(inherited) @executable_path/Frameworks @loader_path/Frameworks";
				PRODUCT_BUNDLE_IDENTIFIER = com.hedspi.k60c.chuyenMHTests;
				PRODUCT_NAME = "$(TARGET_NAME)";
				SWIFT_VERSION = 4.0;
				TARGETED_DEVICE_FAMILY = "1,2";
				TEST_HOST = "$(BUILT_PRODUCTS_DIR)/chuyenMH.app/chuyenMH";
			};
			name = Debug;
		};
		4800FF462020D328001D05D5 /* Release */ = {
			isa = XCBuildConfiguration;
			buildSettings = {
				ALWAYS_EMBED_SWIFT_STANDARD_LIBRARIES = YES;
				BUNDLE_LOADER = "$(TEST_HOST)";
				CODE_SIGN_STYLE = Automatic;
				DEVELOPMENT_TEAM = GCCHGD89G4;
				INFOPLIST_FILE = chuyenMHTests/Info.plist;
				LD_RUNPATH_SEARCH_PATHS = "$(inherited) @executable_path/Frameworks @loader_path/Frameworks";
				PRODUCT_BUNDLE_IDENTIFIER = com.hedspi.k60c.chuyenMHTests;
				PRODUCT_NAME = "$(TARGET_NAME)";
				SWIFT_VERSION = 4.0;
				TARGETED_DEVICE_FAMILY = "1,2";
				TEST_HOST = "$(BUILT_PRODUCTS_DIR)/chuyenMH.app/chuyenMH";
			};
			name = Release;
		};
		4800FF482020D328001D05D5 /* Debug */ = {
			isa = XCBuildConfiguration;
			buildSettings = {
				ALWAYS_EMBED_SWIFT_STANDARD_LIBRARIES = YES;
				CODE_SIGN_STYLE = Automatic;
				DEVELOPMENT_TEAM = GCCHGD89G4;
				INFOPLIST_FILE = chuyenMHUITests/Info.plist;
				LD_RUNPATH_SEARCH_PATHS = "$(inherited) @executable_path/Frameworks @loader_path/Frameworks";
				PRODUCT_BUNDLE_IDENTIFIER = com.hedspi.k60c.chuyenMHUITests;
				PRODUCT_NAME = "$(TARGET_NAME)";
				SWIFT_VERSION = 4.0;
				TARGETED_DEVICE_FAMILY = "1,2";
				TEST_TARGET_NAME = chuyenMH;
			};
			name = Debug;
		};
		4800FF492020D328001D05D5 /* Release */ = {
			isa = XCBuildConfiguration;
			buildSettings = {
				ALWAYS_EMBED_SWIFT_STANDARD_LIBRARIES = YES;
				CODE_SIGN_STYLE = Automatic;
				DEVELOPMENT_TEAM = GCCHGD89G4;
				INFOPLIST_FILE = chuyenMHUITests/Info.plist;
				LD_RUNPATH_SEARCH_PATHS = "$(inherited) @executable_path/Frameworks @loader_path/Frameworks";
				PRODUCT_BUNDLE_IDENTIFIER = com.hedspi.k60c.chuyenMHUITests;
				PRODUCT_NAME = "$(TARGET_NAME)";
				SWIFT_VERSION = 4.0;
				TARGETED_DEVICE_FAMILY = "1,2";
				TEST_TARGET_NAME = chuyenMH;
			};
			name = Release;
		};
/* End XCBuildConfiguration section */

/* Begin XCConfigurationList section */
		4800FF142020D328001D05D5 /* Build configuration list for PBXProject "chuyenMH" */ = {
			isa = XCConfigurationList;
			buildConfigurations = (
				4800FF3F2020D328001D05D5 /* Debug */,
				4800FF402020D328001D05D5 /* Release */,
			);
			defaultConfigurationIsVisible = 0;
			defaultConfigurationName = Release;
		};
		4800FF412020D328001D05D5 /* Build configuration list for PBXNativeTarget "chuyenMH" */ = {
			isa = XCConfigurationList;
			buildConfigurations = (
				4800FF422020D328001D05D5 /* Debug */,
				4800FF432020D328001D05D5 /* Release */,
			);
			defaultConfigurationIsVisible = 0;
			defaultConfigurationName = Release;
		};
		4800FF442020D328001D05D5 /* Build configuration list for PBXNativeTarget "chuyenMHTests" */ = {
			isa = XCConfigurationList;
			buildConfigurations = (
				4800FF452020D328001D05D5 /* Debug */,
				4800FF462020D328001D05D5 /* Release */,
			);
			defaultConfigurationIsVisible = 0;
			defaultConfigurationName = Release;
		};
		4800FF472020D328001D05D5 /* Build configuration list for PBXNativeTarget "chuyenMHUITests" */ = {
			isa = XCConfigurationList;
			buildConfigurations = (
				4800FF482020D328001D05D5 /* Debug */,
				4800FF492020D328001D05D5 /* Release */,
			);
			defaultConfigurationIsVisible = 0;
			defaultConfigurationName = Release;
		};
/* End XCConfigurationList section */
	};
	rootObject = 4800FF112020D328001D05D5 /* Project object */;
}
